
Microsoft Visual Studio Solution File, Format Version 12.00
# Visual Studio Version 17
VisualStudioVersion = 17.1.31911.260
MinimumVisualStudioVersion = 10.0.40219.1
Project("{D954291E-2A0B-460D-934E-DC6B0785DB48}") = "UnoReference.Shared", "UnoReference\UnoReference.Shared\UnoReference.Shared.shproj", "{6279C845-92F8-4333-AB99-3D213163593C}"
EndProject
Project("{2150E333-8FDC-42A3-9474-1A3956D46DE8}") = "Platforms", "Platforms", "{D3B0CC81-656B-4EF9-ADAF-2C03FE81026B}"
EndProject
Project("{FAE04EC0-301F-11D3-BF4B-00C04F79EFBC}") = "UnoReference.Mobile", "UnoReference\UnoReference.Mobile\UnoReference.Mobile.csproj", "{446473AC-CC5B-4298-B9D3-2190C65092C6}"
EndProject
Project("{FAE04EC0-301F-11D3-BF4B-00C04F79EFBC}") = "UnoReference.UWP", "UnoReference\UnoReference.UWP\UnoReference.UWP.csproj", "{A77BD662-D885-4C58-8A53-BE523F43AC08}"
EndProject
Project("{FAE04EC0-301F-11D3-BF4B-00C04F79EFBC}") = "UnoReference.Wasm", "UnoReference\UnoReference.Wasm\UnoReference.Wasm.csproj", "{B363B12F-3A87-40E7-B7E8-6367F686823D}"
EndProject
Project("{FAE04EC0-301F-11D3-BF4B-00C04F79EFBC}") = "UnoReference.Skia.Wpf.Host", "UnoReference\UnoReference.Skia.Wpf.Host\UnoReference.Skia.Wpf.Host.csproj", "{D34E8FD5-1515-476A-81CD-26EAD76B46AA}"
EndProject
Project("{FAE04EC0-301F-11D3-BF4B-00C04F79EFBC}") = "UnoReference.Skia.Wpf", "UnoReference\UnoReference.Skia.Wpf\UnoReference.Skia.Wpf.csproj", "{BE28C1C9-0951-43B6-BBF8-657B9FA7F301}"
EndProject
Project("{FAE04EC0-301F-11D3-BF4B-00C04F79EFBC}") = "UnoReference.Skia.Gtk", "UnoReference\UnoReference.Skia.Gtk\UnoReference.Skia.Gtk.csproj", "{C8703704-D20F-4266-A842-4845DF937B9A}"
EndProject
Global
	GlobalSection(SharedMSBuildProjectFiles) = preSolution
		UnoReference\UnoReference.Shared\UnoReference.Shared.projitems*{446473ac-cc5b-4298-b9d3-2190c65092c6}*SharedItemsImports = 5
		UnoReference\UnoReference.Shared\UnoReference.Shared.projitems*{6279c845-92f8-4333-ab99-3d213163593c}*SharedItemsImports = 13
		UnoReference\UnoReference.Shared\UnoReference.Shared.projitems*{a77bd662-d885-4c58-8a53-be523f43ac08}*SharedItemsImports = 4
		UnoReference\UnoReference.Shared\UnoReference.Shared.projitems*{b363b12f-3a87-40e7-b7e8-6367f686823d}*SharedItemsImports = 5
		UnoReference\UnoReference.Shared\UnoReference.Shared.projitems*{be28c1c9-0951-43b6-bbf8-657b9fa7f301}*SharedItemsImports = 5
		UnoReference\UnoReference.Shared\UnoReference.Shared.projitems*{c8703704-d20f-4266-a842-4845df937b9a}*SharedItemsImports = 5
	EndGlobalSection
	GlobalSection(SolutionConfigurationPlatforms) = preSolution
		Debug|Any CPU = Debug|Any CPU
		Debug|ARM = Debug|ARM
		Debug|ARM64 = Debug|ARM64
		Debug|x64 = Debug|x64
		Debug|x86 = Debug|x86
		Release|Any CPU = Release|Any CPU
		Release|ARM = Release|ARM
		Release|ARM64 = Release|ARM64
		Release|x64 = Release|x64
		Release|x86 = Release|x86
	EndGlobalSection
	GlobalSection(ProjectConfigurationPlatforms) = postSolution
		{446473AC-CC5B-4298-B9D3-2190C65092C6}.Debug|Any CPU.ActiveCfg = Debug|Any CPU
		{446473AC-CC5B-4298-B9D3-2190C65092C6}.Debug|Any CPU.Build.0 = Debug|Any CPU
		{446473AC-CC5B-4298-B9D3-2190C65092C6}.Debug|Any CPU.Deploy.0 = Debug|Any CPU
		{446473AC-CC5B-4298-B9D3-2190C65092C6}.Debug|ARM.ActiveCfg = Debug|Any CPU
		{446473AC-CC5B-4298-B9D3-2190C65092C6}.Debug|ARM.Build.0 = Debug|Any CPU
		{446473AC-CC5B-4298-B9D3-2190C65092C6}.Debug|ARM.Deploy.0 = Debug|Any CPU
		{446473AC-CC5B-4298-B9D3-2190C65092C6}.Debug|ARM64.ActiveCfg = Debug|Any CPU
		{446473AC-CC5B-4298-B9D3-2190C65092C6}.Debug|ARM64.Build.0 = Debug|Any CPU
		{446473AC-CC5B-4298-B9D3-2190C65092C6}.Debug|ARM64.Deploy.0 = Debug|Any CPU
		{446473AC-CC5B-4298-B9D3-2190C65092C6}.Debug|x64.ActiveCfg = Debug|Any CPU
		{446473AC-CC5B-4298-B9D3-2190C65092C6}.Debug|x64.Build.0 = Debug|Any CPU
		{446473AC-CC5B-4298-B9D3-2190C65092C6}.Debug|x64.Deploy.0 = Debug|Any CPU
		{446473AC-CC5B-4298-B9D3-2190C65092C6}.Debug|x86.ActiveCfg = Debug|Any CPU
		{446473AC-CC5B-4298-B9D3-2190C65092C6}.Debug|x86.Build.0 = Debug|Any CPU
		{446473AC-CC5B-4298-B9D3-2190C65092C6}.Debug|x86.Deploy.0 = Debug|Any CPU
		{446473AC-CC5B-4298-B9D3-2190C65092C6}.Release|Any CPU.ActiveCfg = Release|Any CPU
		{446473AC-CC5B-4298-B9D3-2190C65092C6}.Release|Any CPU.Build.0 = Release|Any CPU
		{446473AC-CC5B-4298-B9D3-2190C65092C6}.Release|Any CPU.Deploy.0 = Release|Any CPU
		{446473AC-CC5B-4298-B9D3-2190C65092C6}.Release|ARM.ActiveCfg = Release|Any CPU
		{446473AC-CC5B-4298-B9D3-2190C65092C6}.Release|ARM.Build.0 = Release|Any CPU
		{446473AC-CC5B-4298-B9D3-2190C65092C6}.Release|ARM.Deploy.0 = Release|Any CPU
		{446473AC-CC5B-4298-B9D3-2190C65092C6}.Release|ARM64.ActiveCfg = Release|Any CPU
		{446473AC-CC5B-4298-B9D3-2190C65092C6}.Release|ARM64.Build.0 = Release|Any CPU
		{446473AC-CC5B-4298-B9D3-2190C65092C6}.Release|ARM64.Deploy.0 = Release|Any CPU
		{446473AC-CC5B-4298-B9D3-2190C65092C6}.Release|x64.ActiveCfg = Release|Any CPU
		{446473AC-CC5B-4298-B9D3-2190C65092C6}.Release|x64.Build.0 = Release|Any CPU
		{446473AC-CC5B-4298-B9D3-2190C65092C6}.Release|x64.Deploy.0 = Release|Any CPU
		{446473AC-CC5B-4298-B9D3-2190C65092C6}.Release|x86.ActiveCfg = Release|Any CPU
		{446473AC-CC5B-4298-B9D3-2190C65092C6}.Release|x86.Build.0 = Release|Any CPU
		{446473AC-CC5B-4298-B9D3-2190C65092C6}.Release|x86.Deploy.0 = Release|Any CPU
		{A77BD662-D885-4C58-8A53-BE523F43AC08}.Debug|Any CPU.ActiveCfg = Debug|x64
		{A77BD662-D885-4C58-8A53-BE523F43AC08}.Debug|Any CPU.Build.0 = Debug|x64
		{A77BD662-D885-4C58-8A53-BE523F43AC08}.Debug|Any CPU.Deploy.0 = Debug|x64
		{A77BD662-D885-4C58-8A53-BE523F43AC08}.Debug|ARM.ActiveCfg = Debug|ARM
		{A77BD662-D885-4C58-8A53-BE523F43AC08}.Debug|ARM.Build.0 = Debug|ARM
		{A77BD662-D885-4C58-8A53-BE523F43AC08}.Debug|ARM.Deploy.0 = Debug|ARM
		{A77BD662-D885-4C58-8A53-BE523F43AC08}.Debug|ARM64.ActiveCfg = Debug|ARM64
		{A77BD662-D885-4C58-8A53-BE523F43AC08}.Debug|ARM64.Build.0 = Debug|ARM64
		{A77BD662-D885-4C58-8A53-BE523F43AC08}.Debug|ARM64.Deploy.0 = Debug|ARM64
		{A77BD662-D885-4C58-8A53-BE523F43AC08}.Debug|x64.ActiveCfg = Debug|x64
		{A77BD662-D885-4C58-8A53-BE523F43AC08}.Debug|x64.Build.0 = Debug|x64
		{A77BD662-D885-4C58-8A53-BE523F43AC08}.Debug|x64.Deploy.0 = Debug|x64
		{A77BD662-D885-4C58-8A53-BE523F43AC08}.Debug|x86.ActiveCfg = Debug|x86
		{A77BD662-D885-4C58-8A53-BE523F43AC08}.Debug|x86.Build.0 = Debug|x86
		{A77BD662-D885-4C58-8A53-BE523F43AC08}.Debug|x86.Deploy.0 = Debug|x86
		{A77BD662-D885-4C58-8A53-BE523F43AC08}.Release|Any CPU.ActiveCfg = Release|x64
		{A77BD662-D885-4C58-8A53-BE523F43AC08}.Release|Any CPU.Build.0 = Release|x64
		{A77BD662-D885-4C58-8A53-BE523F43AC08}.Release|Any CPU.Deploy.0 = Release|x64
		{A77BD662-D885-4C58-8A53-BE523F43AC08}.Release|ARM.ActiveCfg = Release|ARM
		{A77BD662-D885-4C58-8A53-BE523F43AC08}.Release|ARM.Build.0 = Release|ARM
		{A77BD662-D885-4C58-8A53-BE523F43AC08}.Release|ARM.Deploy.0 = Release|ARM
		{A77BD662-D885-4C58-8A53-BE523F43AC08}.Release|ARM64.ActiveCfg = Release|ARM64
		{A77BD662-D885-4C58-8A53-BE523F43AC08}.Release|ARM64.Build.0 = Release|ARM64
		{A77BD662-D885-4C58-8A53-BE523F43AC08}.Release|ARM64.Deploy.0 = Release|ARM64
		{A77BD662-D885-4C58-8A53-BE523F43AC08}.Release|x64.ActiveCfg = Release|x64
		{A77BD662-D885-4C58-8A53-BE523F43AC08}.Release|x64.Build.0 = Release|x64
		{A77BD662-D885-4C58-8A53-BE523F43AC08}.Release|x64.Deploy.0 = Release|x64
		{A77BD662-D885-4C58-8A53-BE523F43AC08}.Release|x86.ActiveCfg = Release|x86
		{A77BD662-D885-4C58-8A53-BE523F43AC08}.Release|x86.Build.0 = Release|x86
		{A77BD662-D885-4C58-8A53-BE523F43AC08}.Release|x86.Deploy.0 = Release|x86
		{B363B12F-3A87-40E7-B7E8-6367F686823D}.Debug|Any CPU.ActiveCfg = Debug|Any CPU
		{B363B12F-3A87-40E7-B7E8-6367F686823D}.Debug|Any CPU.Build.0 = Debug|Any CPU
		{B363B12F-3A87-40E7-B7E8-6367F686823D}.Debug|ARM.ActiveCfg = Debug|Any CPU
		{B363B12F-3A87-40E7-B7E8-6367F686823D}.Debug|ARM.Build.0 = Debug|Any CPU
		{B363B12F-3A87-40E7-B7E8-6367F686823D}.Debug|ARM64.ActiveCfg = Debug|Any CPU
		{B363B12F-3A87-40E7-B7E8-6367F686823D}.Debug|ARM64.Build.0 = Debug|Any CPU
		{B363B12F-3A87-40E7-B7E8-6367F686823D}.Debug|x64.ActiveCfg = Debug|Any CPU
		{B363B12F-3A87-40E7-B7E8-6367F686823D}.Debug|x64.Build.0 = Debug|Any CPU
		{B363B12F-3A87-40E7-B7E8-6367F686823D}.Debug|x86.ActiveCfg = Debug|Any CPU
		{B363B12F-3A87-40E7-B7E8-6367F686823D}.Debug|x86.Build.0 = Debug|Any CPU
		{B363B12F-3A87-40E7-B7E8-6367F686823D}.Release|Any CPU.ActiveCfg = Release|Any CPU
		{B363B12F-3A87-40E7-B7E8-6367F686823D}.Release|Any CPU.Build.0 = Release|Any CPU
		{B363B12F-3A87-40E7-B7E8-6367F686823D}.Release|ARM.ActiveCfg = Release|Any CPU
		{B363B12F-3A87-40E7-B7E8-6367F686823D}.Release|ARM.Build.0 = Release|Any CPU
		{B363B12F-3A87-40E7-B7E8-6367F686823D}.Release|ARM64.ActiveCfg = Release|Any CPU
		{B363B12F-3A87-40E7-B7E8-6367F686823D}.Release|ARM64.Build.0 = Release|Any CPU
		{B363B12F-3A87-40E7-B7E8-6367F686823D}.Release|x64.ActiveCfg = Release|Any CPU
		{B363B12F-3A87-40E7-B7E8-6367F686823D}.Release|x64.Build.0 = Release|Any CPU
		{B363B12F-3A87-40E7-B7E8-6367F686823D}.Release|x86.ActiveCfg = Release|Any CPU
		{B363B12F-3A87-40E7-B7E8-6367F686823D}.Release|x86.Build.0 = Release|Any CPU
		{D34E8FD5-1515-476A-81CD-26EAD76B46AA}.Debug|Any CPU.ActiveCfg = Debug|Any CPU
		{D34E8FD5-1515-476A-81CD-26EAD76B46AA}.Debug|Any CPU.Build.0 = Debug|Any CPU
		{D34E8FD5-1515-476A-81CD-26EAD76B46AA}.Debug|ARM.ActiveCfg = Debug|Any CPU
		{D34E8FD5-1515-476A-81CD-26EAD76B46AA}.Debug|ARM.Build.0 = Debug|Any CPU
		{D34E8FD5-1515-476A-81CD-26EAD76B46AA}.Debug|ARM64.ActiveCfg = Debug|Any CPU
		{D34E8FD5-1515-476A-81CD-26EAD76B46AA}.Debug|ARM64.Build.0 = Debug|Any CPU
		{D34E8FD5-1515-476A-81CD-26EAD76B46AA}.Debug|x64.ActiveCfg = Debug|Any CPU
		{D34E8FD5-1515-476A-81CD-26EAD76B46AA}.Debug|x64.Build.0 = Debug|Any CPU
		{D34E8FD5-1515-476A-81CD-26EAD76B46AA}.Debug|x86.ActiveCfg = Debug|Any CPU
		{D34E8FD5-1515-476A-81CD-26EAD76B46AA}.Debug|x86.Build.0 = Debug|Any CPU
		{D34E8FD5-1515-476A-81CD-26EAD76B46AA}.Release|Any CPU.ActiveCfg = Release|Any CPU
		{D34E8FD5-1515-476A-81CD-26EAD76B46AA}.Release|Any CPU.Build.0 = Release|Any CPU
		{D34E8FD5-1515-476A-81CD-26EAD76B46AA}.Release|ARM.ActiveCfg = Release|Any CPU
		{D34E8FD5-1515-476A-81CD-26EAD76B46AA}.Release|ARM.Build.0 = Release|Any CPU
		{D34E8FD5-1515-476A-81CD-26EAD76B46AA}.Release|ARM64.ActiveCfg = Release|Any CPU
		{D34E8FD5-1515-476A-81CD-26EAD76B46AA}.Release|ARM64.Build.0 = Release|Any CPU
		{D34E8FD5-1515-476A-81CD-26EAD76B46AA}.Release|x64.ActiveCfg = Release|Any CPU
		{D34E8FD5-1515-476A-81CD-26EAD76B46AA}.Release|x64.Build.0 = Release|Any CPU
		{D34E8FD5-1515-476A-81CD-26EAD76B46AA}.Release|x86.ActiveCfg = Release|Any CPU
		{D34E8FD5-1515-476A-81CD-26EAD76B46AA}.Release|x86.Build.0 = Release|Any CPU
		{BE28C1C9-0951-43B6-BBF8-657B9FA7F301}.Debug|Any CPU.ActiveCfg = Debug|Any CPU
		{BE28C1C9-0951-43B6-BBF8-657B9FA7F301}.Debug|Any CPU.Build.0 = Debug|Any CPU
		{BE28C1C9-0951-43B6-BBF8-657B9FA7F301}.Debug|ARM.ActiveCfg = Debug|Any CPU
		{BE28C1C9-0951-43B6-BBF8-657B9FA7F301}.Debug|ARM.Build.0 = Debug|Any CPU
		{BE28C1C9-0951-43B6-BBF8-657B9FA7F301}.Debug|ARM64.ActiveCfg = Debug|Any CPU
		{BE28C1C9-0951-43B6-BBF8-657B9FA7F301}.Debug|ARM64.Build.0 = Debug|Any CPU
		{BE28C1C9-0951-43B6-BBF8-657B9FA7F301}.Debug|x64.ActiveCfg = Debug|Any CPU
		{BE28C1C9-0951-43B6-BBF8-657B9FA7F301}.Debug|x64.Build.0 = Debug|Any CPU
		{BE28C1C9-0951-43B6-BBF8-657B9FA7F301}.Debug|x86.ActiveCfg = Debug|Any CPU
		{BE28C1C9-0951-43B6-BBF8-657B9FA7F301}.Debug|x86.Build.0 = Debug|Any CPU
		{BE28C1C9-0951-43B6-BBF8-657B9FA7F301}.Release|Any CPU.ActiveCfg = Release|Any CPU
		{BE28C1C9-0951-43B6-BBF8-657B9FA7F301}.Release|Any CPU.Build.0 = Release|Any CPU
		{BE28C1C9-0951-43B6-BBF8-657B9FA7F301}.Release|ARM.ActiveCfg = Release|Any CPU
		{BE28C1C9-0951-43B6-BBF8-657B9FA7F301}.Release|ARM.Build.0 = Release|Any CPU
		{BE28C1C9-0951-43B6-BBF8-657B9FA7F301}.Release|ARM64.ActiveCfg = Release|Any CPU
		{BE28C1C9-0951-43B6-BBF8-657B9FA7F301}.Release|ARM64.Build.0 = Release|Any CPU
		{BE28C1C9-0951-43B6-BBF8-657B9FA7F301}.Release|x64.ActiveCfg = Release|Any CPU
		{BE28C1C9-0951-43B6-BBF8-657B9FA7F301}.Release|x64.Build.0 = Release|Any CPU
		{BE28C1C9-0951-43B6-BBF8-657B9FA7F301}.Release|x86.ActiveCfg = Release|Any CPU
		{BE28C1C9-0951-43B6-BBF8-657B9FA7F301}.Release|x86.Build.0 = Release|Any CPU
		{C8703704-D20F-4266-A842-4845DF937B9A}.Debug|Any CPU.ActiveCfg = Debug|Any CPU
		{C8703704-D20F-4266-A842-4845DF937B9A}.Debug|Any CPU.Build.0 = Debug|Any CPU
		{C8703704-D20F-4266-A842-4845DF937B9A}.Debug|ARM.ActiveCfg = Debug|Any CPU
		{C8703704-D20F-4266-A842-4845DF937B9A}.Debug|ARM.Build.0 = Debug|Any CPU
		{C8703704-D20F-4266-A842-4845DF937B9A}.Debug|ARM64.ActiveCfg = Debug|Any CPU
		{C8703704-D20F-4266-A842-4845DF937B9A}.Debug|ARM64.Build.0 = Debug|Any CPU
		{C8703704-D20F-4266-A842-4845DF937B9A}.Debug|x64.ActiveCfg = Debug|Any CPU
		{C8703704-D20F-4266-A842-4845DF937B9A}.Debug|x64.Build.0 = Debug|Any CPU
		{C8703704-D20F-4266-A842-4845DF937B9A}.Debug|x86.ActiveCfg = Debug|Any CPU
		{C8703704-D20F-4266-A842-4845DF937B9A}.Debug|x86.Build.0 = Debug|Any CPU
		{C8703704-D20F-4266-A842-4845DF937B9A}.Release|Any CPU.ActiveCfg = Release|Any CPU
		{C8703704-D20F-4266-A842-4845DF937B9A}.Release|Any CPU.Build.0 = Release|Any CPU
		{C8703704-D20F-4266-A842-4845DF937B9A}.Release|ARM.ActiveCfg = Release|Any CPU
		{C8703704-D20F-4266-A842-4845DF937B9A}.Release|ARM.Build.0 = Release|Any CPU
		{C8703704-D20F-4266-A842-4845DF937B9A}.Release|ARM64.ActiveCfg = Release|Any CPU
		{C8703704-D20F-4266-A842-4845DF937B9A}.Release|ARM64.Build.0 = Release|Any CPU
		{C8703704-D20F-4266-A842-4845DF937B9A}.Release|x64.ActiveCfg = Release|Any CPU
		{C8703704-D20F-4266-A842-4845DF937B9A}.Release|x64.Build.0 = Release|Any CPU
		{C8703704-D20F-4266-A842-4845DF937B9A}.Release|x86.ActiveCfg = Release|Any CPU
		{C8703704-D20F-4266-A842-4845DF937B9A}.Release|x86.Build.0 = Release|Any CPU
	EndGlobalSection
	GlobalSection(SolutionProperties) = preSolution
		HideSolutionNode = FALSE
	EndGlobalSection
	GlobalSection(NestedProjects) = preSolution
		{446473AC-CC5B-4298-B9D3-2190C65092C6} = {D3B0CC81-656B-4EF9-ADAF-2C03FE81026B}
		{A77BD662-D885-4C58-8A53-BE523F43AC08} = {D3B0CC81-656B-4EF9-ADAF-2C03FE81026B}
		{B363B12F-3A87-40E7-B7E8-6367F686823D} = {D3B0CC81-656B-4EF9-ADAF-2C03FE81026B}
		{D34E8FD5-1515-476A-81CD-26EAD76B46AA} = {D3B0CC81-656B-4EF9-ADAF-2C03FE81026B}
		{BE28C1C9-0951-43B6-BBF8-657B9FA7F301} = {D3B0CC81-656B-4EF9-ADAF-2C03FE81026B}
		{C8703704-D20F-4266-A842-4845DF937B9A} = {D3B0CC81-656B-4EF9-ADAF-2C03FE81026B}
	EndGlobalSection
	GlobalSection(ExtensibilityGlobals) = postSolution
		SolutionGuid = {046AD952-8F77-4A4D-9381-0399967AD561}
	EndGlobalSection
EndGlobal
