Microsoft Visual Studio Solution File, Format Version 12.00
# Visual Studio Version 16
VisualStudioVersion = 16.0.29920.165
MinimumVisualStudioVersion = 15.0.26124.0

Project("{D954291E-2A0B-460D-934E-DC6B0785DB48}") = "UnoSample2.Shared", "UnoSample2.Shared\UnoSample2.Shared.shproj", "{6279C845-92F8-4333-AB99-3D213163593C}"
EndProject

Project("{FAE04EC0-301F-11D3-BF4B-00C04F79EFBC}") = "UnoSample2.Droid", "UnoSample2.Droid\UnoSample2.Droid.csproj", "{EFE6A88E-51E7-4F3A-A726-B870C3768A59}"
EndProject


Project("{FAE04EC0-301F-11D3-BF4B-00C04F79EFBC}") = "UnoSample2.Uwp", "UnoSample2.UWP\UnoSample2.Uwp.csproj", "{FE81884B-4B03-4E4B-A70C-CCD29C22B8E5}"
EndProject

Project("{9A19103F-16F7-4668-BE54-9A1E7A4F7556}") = "UnoSample2.Wasm", "UnoSample2.Wasm\UnoSample2.Wasm.csproj", "{40EA03F7-8A22-4143-B251-79BAC3EB13D2}"
EndProject


Project("{9A19103F-16F7-4668-BE54-9A1E7A4F7556}") = "UnoSample2.Skia.Gtk", "UnoSample2.Skia.Gtk\UnoSample2.Skia.Gtk.csproj", "{A5B8155A-118F-4794-B551-C6F3CF7E5411}"
EndProject

Project("{9A19103F-16F7-4668-BE54-9A1E7A4F7556}") = "UnoSample2.Skia.WPF", "UnoSample2.Skia.WPF\UnoSample2.Skia.WPF.csproj", "{B498D971-42F9-4842-83C1-01F72B5E9CD0}"
EndProject
Project("{9A19103F-16F7-4668-BE54-9A1E7A4F7556}") = "UnoSample2.Skia.Wpf.Host", "UnoSample2.Skia.WPF.Host\UnoSample2.Skia.Wpf.Host.csproj", "{6CF284A4-22B1-4F05-97F4-F095C07A598E}"
EndProject



Global
	GlobalSection(SharedMSBuildProjectFiles) = preSolution
		UnoSample2.Shared\UnoSample2.Shared.projitems*{EFE6A88E-51E7-4F3A-A726-B870C3768A59}*SharedItemsImports = 4
		UnoSample2.Shared\UnoSample2.Shared.projitems*{B498D971-42F9-4842-83C1-01F72B5E9CD0}*SharedItemsImports = 5
		UnoSample2.Shared\UnoSample2.Shared.projitems*{FD43B00D-A203-4AC3-A7F9-3EFE6565B0DF}*SharedItemsImports = 4
		UnoSample2.Shared\UnoSample2.Shared.projitems*{40ea03f7-8a22-4143-b251-79bac3eb13d2}*SharedItemsImports = 5
		UnoSample2.Shared\UnoSample2.Shared.projitems*{a5b8155a-118f-4794-b551-c6f3cf7e5411}*SharedItemsImports = 5
		UnoSample2.Shared\UnoSample2.Shared.projitems*{46728DE7-0F51-41B9-8D2C-E070EAC8741A}*SharedItemsImports = 4
		UnoSample2.Shared\UnoSample2.Shared.projitems*{6279c845-92f8-4333-ab99-3d213163593c}*SharedItemsImports = 13
		UnoSample2.Shared\UnoSample2.Shared.projitems*{FE81884B-4B03-4E4B-A70C-CCD29C22B8E5}*SharedItemsImports = 4
	EndGlobalSection
	GlobalSection(SolutionConfigurationPlatforms) = preSolution
		Debug|Any CPU = Debug|Any CPU
		Debug|ARM = Debug|ARM
		Debug|ARM64 = Debug|ARM64
		Debug|iPhone = Debug|iPhone
		Debug|iPhoneSimulator = Debug|iPhoneSimulator
		Debug|x64 = Debug|x64
		Debug|x86 = Debug|x86
		Release|Any CPU = Release|Any CPU
		Release|ARM = Release|ARM
		Release|ARM64 = Release|ARM64
		Release|iPhone = Release|iPhone
		Release|iPhoneSimulator = Release|iPhoneSimulator
		Release|x64 = Release|x64
		Release|x86 = Release|x86
	EndGlobalSection
	GlobalSection(ProjectConfigurationPlatforms) = postSolution
		{EFE6A88E-51E7-4F3A-A726-B870C3768A59}.Debug|Any CPU.ActiveCfg = Debug|Any CPU
		{EFE6A88E-51E7-4F3A-A726-B870C3768A59}.Debug|Any CPU.Build.0 = Debug|Any CPU
		{EFE6A88E-51E7-4F3A-A726-B870C3768A59}.Debug|Any CPU.Deploy.0 = Debug|Any CPU
		{EFE6A88E-51E7-4F3A-A726-B870C3768A59}.Debug|ARM.ActiveCfg = Debug|Any CPU
		{EFE6A88E-51E7-4F3A-A726-B870C3768A59}.Debug|ARM.Build.0 = Debug|Any CPU
		{EFE6A88E-51E7-4F3A-A726-B870C3768A59}.Debug|ARM.Deploy.0 = Debug|Any CPU
		{EFE6A88E-51E7-4F3A-A726-B870C3768A59}.Debug|ARM64.ActiveCfg = Debug|Any CPU
		{EFE6A88E-51E7-4F3A-A726-B870C3768A59}.Debug|ARM64.Build.0 = Debug|Any CPU
		{EFE6A88E-51E7-4F3A-A726-B870C3768A59}.Debug|ARM64.Deploy.0 = Debug|Any CPU
		{EFE6A88E-51E7-4F3A-A726-B870C3768A59}.Debug|iPhone.ActiveCfg = Debug|Any CPU
		{EFE6A88E-51E7-4F3A-A726-B870C3768A59}.Debug|iPhone.Build.0 = Debug|Any CPU
		{EFE6A88E-51E7-4F3A-A726-B870C3768A59}.Debug|iPhone.Deploy.0 = Debug|Any CPU
		{EFE6A88E-51E7-4F3A-A726-B870C3768A59}.Debug|iPhoneSimulator.ActiveCfg = Debug|Any CPU
		{EFE6A88E-51E7-4F3A-A726-B870C3768A59}.Debug|iPhoneSimulator.Build.0 = Debug|Any CPU
		{EFE6A88E-51E7-4F3A-A726-B870C3768A59}.Debug|iPhoneSimulator.Deploy.0 = Debug|Any CPU
		{EFE6A88E-51E7-4F3A-A726-B870C3768A59}.Debug|x64.ActiveCfg = Debug|Any CPU
		{EFE6A88E-51E7-4F3A-A726-B870C3768A59}.Debug|x64.Build.0 = Debug|Any CPU
		{EFE6A88E-51E7-4F3A-A726-B870C3768A59}.Debug|x64.Deploy.0 = Debug|Any CPU
		{EFE6A88E-51E7-4F3A-A726-B870C3768A59}.Debug|x86.ActiveCfg = Debug|Any CPU
		{EFE6A88E-51E7-4F3A-A726-B870C3768A59}.Debug|x86.Build.0 = Debug|Any CPU
		{EFE6A88E-51E7-4F3A-A726-B870C3768A59}.Debug|x86.Deploy.0 = Debug|Any CPU

		{EFE6A88E-51E7-4F3A-A726-B870C3768A59}.Release|Any CPU.ActiveCfg = Release|Any CPU
		{EFE6A88E-51E7-4F3A-A726-B870C3768A59}.Release|Any CPU.Build.0 = Release|Any CPU
		{EFE6A88E-51E7-4F3A-A726-B870C3768A59}.Release|Any CPU.Deploy.0 = Release|Any CPU
		{EFE6A88E-51E7-4F3A-A726-B870C3768A59}.Release|ARM.ActiveCfg = Release|Any CPU
		{EFE6A88E-51E7-4F3A-A726-B870C3768A59}.Release|ARM.Build.0 = Release|Any CPU
		{EFE6A88E-51E7-4F3A-A726-B870C3768A59}.Release|ARM.Deploy.0 = Release|Any CPU
		{EFE6A88E-51E7-4F3A-A726-B870C3768A59}.Release|ARM64.ActiveCfg = Release|Any CPU
		{EFE6A88E-51E7-4F3A-A726-B870C3768A59}.Release|ARM64.Build.0 = Release|Any CPU
		{EFE6A88E-51E7-4F3A-A726-B870C3768A59}.Release|ARM64.Deploy.0 = Release|Any CPU
		{EFE6A88E-51E7-4F3A-A726-B870C3768A59}.Release|iPhone.ActiveCfg = Release|Any CPU
		{EFE6A88E-51E7-4F3A-A726-B870C3768A59}.Release|iPhone.Build.0 = Release|Any CPU
		{EFE6A88E-51E7-4F3A-A726-B870C3768A59}.Release|iPhone.Deploy.0 = Release|Any CPU
		{EFE6A88E-51E7-4F3A-A726-B870C3768A59}.Release|iPhoneSimulator.ActiveCfg = Release|Any CPU
		{EFE6A88E-51E7-4F3A-A726-B870C3768A59}.Release|iPhoneSimulator.Build.0 = Release|Any CPU
		{EFE6A88E-51E7-4F3A-A726-B870C3768A59}.Release|iPhoneSimulator.Deploy.0 = Release|Any CPU
		{EFE6A88E-51E7-4F3A-A726-B870C3768A59}.Release|x64.ActiveCfg = Release|Any CPU
		{EFE6A88E-51E7-4F3A-A726-B870C3768A59}.Release|x64.Build.0 = Release|Any CPU
		{EFE6A88E-51E7-4F3A-A726-B870C3768A59}.Release|x64.Deploy.0 = Release|Any CPU
		{EFE6A88E-51E7-4F3A-A726-B870C3768A59}.Release|x86.ActiveCfg = Release|Any CPU
		{EFE6A88E-51E7-4F3A-A726-B870C3768A59}.Release|x86.Build.0 = Release|Any CPU
		{EFE6A88E-51E7-4F3A-A726-B870C3768A59}.Release|x86.Deploy.0 = Release|Any CPU
		{46728DE7-0F51-41B9-8D2C-E070EAC8741A}.Debug|Any CPU.ActiveCfg = Debug|iPhone
		{46728DE7-0F51-41B9-8D2C-E070EAC8741A}.Debug|Any CPU.Build.0 = Debug|iPhone
		{46728DE7-0F51-41B9-8D2C-E070EAC8741A}.Debug|Any CPU.Deploy.0 = Debug|iPhone
		{46728DE7-0F51-41B9-8D2C-E070EAC8741A}.Debug|ARM.ActiveCfg = Debug|iPhone
		{46728DE7-0F51-41B9-8D2C-E070EAC8741A}.Debug|ARM64.ActiveCfg = Debug|iPhone
		{46728DE7-0F51-41B9-8D2C-E070EAC8741A}.Debug|iPhone.ActiveCfg = Debug|iPhone
		{46728DE7-0F51-41B9-8D2C-E070EAC8741A}.Debug|iPhone.Build.0 = Debug|iPhone
		{46728DE7-0F51-41B9-8D2C-E070EAC8741A}.Debug|iPhoneSimulator.ActiveCfg = Debug|iPhoneSimulator
		{46728DE7-0F51-41B9-8D2C-E070EAC8741A}.Debug|iPhoneSimulator.Build.0 = Debug|iPhoneSimulator
		{46728DE7-0F51-41B9-8D2C-E070EAC8741A}.Debug|x64.ActiveCfg = Debug|iPhone
		{46728DE7-0F51-41B9-8D2C-E070EAC8741A}.Debug|x64.Build.0 = Debug|iPhone
		{46728DE7-0F51-41B9-8D2C-E070EAC8741A}.Debug|x64.Deploy.0 = Debug|iPhone
		{46728DE7-0F51-41B9-8D2C-E070EAC8741A}.Debug|x86.ActiveCfg = Debug|iPhoneSimulator
		{46728DE7-0F51-41B9-8D2C-E070EAC8741A}.Debug|x86.Build.0 = Debug|iPhoneSimulator
		{46728DE7-0F51-41B9-8D2C-E070EAC8741A}.Debug|x86.Deploy.0 = Debug|iPhoneSimulator
		{46728DE7-0F51-41B9-8D2C-E070EAC8741A}.Release|Any CPU.ActiveCfg = Release|iPhone
		{46728DE7-0F51-41B9-8D2C-E070EAC8741A}.Release|ARM.ActiveCfg = Release|iPhone
		{46728DE7-0F51-41B9-8D2C-E070EAC8741A}.Release|ARM64.ActiveCfg = Release|iPhone
		{46728DE7-0F51-41B9-8D2C-E070EAC8741A}.Release|iPhone.ActiveCfg = Release|iPhone
		{46728DE7-0F51-41B9-8D2C-E070EAC8741A}.Release|iPhone.Build.0 = Release|iPhone
		{46728DE7-0F51-41B9-8D2C-E070EAC8741A}.Release|iPhoneSimulator.ActiveCfg = Release|iPhoneSimulator
		{46728DE7-0F51-41B9-8D2C-E070EAC8741A}.Release|iPhoneSimulator.Build.0 = Release|iPhoneSimulator
		{46728DE7-0F51-41B9-8D2C-E070EAC8741A}.Release|x64.ActiveCfg = Release|iPhoneSimulator
		{46728DE7-0F51-41B9-8D2C-E070EAC8741A}.Release|x64.Build.0 = Release|iPhoneSimulator
		{46728DE7-0F51-41B9-8D2C-E070EAC8741A}.Release|x64.Deploy.0 = Release|iPhoneSimulator
		{46728DE7-0F51-41B9-8D2C-E070EAC8741A}.Release|x86.ActiveCfg = Release|iPhoneSimulator
		{46728DE7-0F51-41B9-8D2C-E070EAC8741A}.Release|x86.Build.0 = Release|iPhoneSimulator

		{FE81884B-4B03-4E4B-A70C-CCD29C22B8E5}.Debug|Any CPU.ActiveCfg = Debug|x86
		{FE81884B-4B03-4E4B-A70C-CCD29C22B8E5}.Debug|Any CPU.Build.0 = Debug|x86
		{FE81884B-4B03-4E4B-A70C-CCD29C22B8E5}.Debug|Any CPU.Deploy.0 = Debug|x86
		{FE81884B-4B03-4E4B-A70C-CCD29C22B8E5}.Debug|ARM.ActiveCfg = Debug|ARM
		{FE81884B-4B03-4E4B-A70C-CCD29C22B8E5}.Debug|ARM.Build.0 = Debug|ARM
		{FE81884B-4B03-4E4B-A70C-CCD29C22B8E5}.Debug|ARM.Deploy.0 = Debug|ARM
		{FE81884B-4B03-4E4B-A70C-CCD29C22B8E5}.Debug|ARM64.ActiveCfg = Debug|ARM64
		{FE81884B-4B03-4E4B-A70C-CCD29C22B8E5}.Debug|ARM64.Build.0 = Debug|ARM64
		{FE81884B-4B03-4E4B-A70C-CCD29C22B8E5}.Debug|ARM64.Deploy.0 = Debug|ARM64
		{FE81884B-4B03-4E4B-A70C-CCD29C22B8E5}.Debug|iPhone.ActiveCfg = Debug|x86
		{FE81884B-4B03-4E4B-A70C-CCD29C22B8E5}.Debug|iPhone.Build.0 = Debug|x86
		{FE81884B-4B03-4E4B-A70C-CCD29C22B8E5}.Debug|iPhone.Deploy.0 = Debug|x86
		{FE81884B-4B03-4E4B-A70C-CCD29C22B8E5}.Debug|iPhoneSimulator.ActiveCfg = Debug|x86
		{FE81884B-4B03-4E4B-A70C-CCD29C22B8E5}.Debug|iPhoneSimulator.Build.0 = Debug|x86
		{FE81884B-4B03-4E4B-A70C-CCD29C22B8E5}.Debug|iPhoneSimulator.Deploy.0 = Debug|x86
		{FE81884B-4B03-4E4B-A70C-CCD29C22B8E5}.Debug|x64.ActiveCfg = Debug|x64
		{FE81884B-4B03-4E4B-A70C-CCD29C22B8E5}.Debug|x64.Build.0 = Debug|x64
		{FE81884B-4B03-4E4B-A70C-CCD29C22B8E5}.Debug|x64.Deploy.0 = Debug|x64
		{FE81884B-4B03-4E4B-A70C-CCD29C22B8E5}.Debug|x86.ActiveCfg = Debug|x86
		{FE81884B-4B03-4E4B-A70C-CCD29C22B8E5}.Debug|x86.Build.0 = Debug|x86
		{FE81884B-4B03-4E4B-A70C-CCD29C22B8E5}.Debug|x86.Deploy.0 = Debug|x86
		{FE81884B-4B03-4E4B-A70C-CCD29C22B8E5}.Release|Any CPU.ActiveCfg = Release|x86
		{FE81884B-4B03-4E4B-A70C-CCD29C22B8E5}.Release|ARM.ActiveCfg = Release|ARM
		{FE81884B-4B03-4E4B-A70C-CCD29C22B8E5}.Release|ARM.Build.0 = Release|ARM
		{FE81884B-4B03-4E4B-A70C-CCD29C22B8E5}.Release|ARM.Deploy.0 = Release|ARM
		{FE81884B-4B03-4E4B-A70C-CCD29C22B8E5}.Release|ARM64.ActiveCfg = Release|ARM64
		{FE81884B-4B03-4E4B-A70C-CCD29C22B8E5}.Release|ARM64.Build.0 = Release|ARM64
		{FE81884B-4B03-4E4B-A70C-CCD29C22B8E5}.Release|ARM64.Deploy.0 = Release|ARM64
		{FE81884B-4B03-4E4B-A70C-CCD29C22B8E5}.Release|iPhone.ActiveCfg = Release|x86
		{FE81884B-4B03-4E4B-A70C-CCD29C22B8E5}.Release|iPhone.Build.0 = Release|x86
		{FE81884B-4B03-4E4B-A70C-CCD29C22B8E5}.Release|iPhoneSimulator.ActiveCfg = Release|x86
		{FE81884B-4B03-4E4B-A70C-CCD29C22B8E5}.Release|iPhoneSimulator.Build.0 = Release|x86
		{FE81884B-4B03-4E4B-A70C-CCD29C22B8E5}.Release|iPhoneSimulator.Deploy.0 = Release|x86
		{FE81884B-4B03-4E4B-A70C-CCD29C22B8E5}.Release|x64.ActiveCfg = Release|x64
		{FE81884B-4B03-4E4B-A70C-CCD29C22B8E5}.Release|x64.Build.0 = Release|x64
		{FE81884B-4B03-4E4B-A70C-CCD29C22B8E5}.Release|x64.Deploy.0 = Release|x64
		{FE81884B-4B03-4E4B-A70C-CCD29C22B8E5}.Release|x86.ActiveCfg = Release|x86
		{FE81884B-4B03-4E4B-A70C-CCD29C22B8E5}.Release|x86.Build.0 = Release|x86
		{FE81884B-4B03-4E4B-A70C-CCD29C22B8E5}.Release|x86.Deploy.0 = Release|x86

		{B498D971-42F9-4842-83C1-01F72B5E9CD0}.Debug|Any CPU.ActiveCfg = Debug|Any CPU
		{B498D971-42F9-4842-83C1-01F72B5E9CD0}.Debug|Any CPU.Build.0 = Debug|Any CPU
		{B498D971-42F9-4842-83C1-01F72B5E9CD0}.Debug|Any CPU.Deploy.0 = Debug|Any CPU
		{B498D971-42F9-4842-83C1-01F72B5E9CD0}.Debug|ARM.ActiveCfg = Debug|Any CPU
		{B498D971-42F9-4842-83C1-01F72B5E9CD0}.Debug|ARM.Build.0 = Debug|Any CPU
		{B498D971-42F9-4842-83C1-01F72B5E9CD0}.Debug|ARM.Deploy.0 = Debug|Any CPU
		{B498D971-42F9-4842-83C1-01F72B5E9CD0}.Debug|ARM64.ActiveCfg = Debug|Any CPU
		{B498D971-42F9-4842-83C1-01F72B5E9CD0}.Debug|ARM64.Build.0 = Debug|Any CPU
		{B498D971-42F9-4842-83C1-01F72B5E9CD0}.Debug|ARM64.Deploy.0 = Debug|Any CPU
		{B498D971-42F9-4842-83C1-01F72B5E9CD0}.Debug|iPhone.ActiveCfg = Debug|Any CPU
		{B498D971-42F9-4842-83C1-01F72B5E9CD0}.Debug|iPhone.Build.0 = Debug|Any CPU
		{B498D971-42F9-4842-83C1-01F72B5E9CD0}.Debug|iPhone.Deploy.0 = Debug|Any CPU
		{B498D971-42F9-4842-83C1-01F72B5E9CD0}.Debug|iPhoneSimulator.ActiveCfg = Debug|Any CPU
		{B498D971-42F9-4842-83C1-01F72B5E9CD0}.Debug|iPhoneSimulator.Build.0 = Debug|Any CPU
		{B498D971-42F9-4842-83C1-01F72B5E9CD0}.Debug|iPhoneSimulator.Deploy.0 = Debug|Any CPU
		{B498D971-42F9-4842-83C1-01F72B5E9CD0}.Debug|x64.ActiveCfg = Debug|Any CPU
		{B498D971-42F9-4842-83C1-01F72B5E9CD0}.Debug|x64.Build.0 = Debug|Any CPU
		{B498D971-42F9-4842-83C1-01F72B5E9CD0}.Debug|x64.Deploy.0 = Debug|Any CPU
		{B498D971-42F9-4842-83C1-01F72B5E9CD0}.Debug|x86.ActiveCfg = Debug|Any CPU
		{B498D971-42F9-4842-83C1-01F72B5E9CD0}.Debug|x86.Build.0 = Debug|Any CPU
		{B498D971-42F9-4842-83C1-01F72B5E9CD0}.Debug|x86.Deploy.0 = Debug|Any CPU
		{B498D971-42F9-4842-83C1-01F72B5E9CD0}.Release|Any CPU.ActiveCfg = Release|Any CPU
		{B498D971-42F9-4842-83C1-01F72B5E9CD0}.Release|Any CPU.Build.0 = Release|Any CPU
		{B498D971-42F9-4842-83C1-01F72B5E9CD0}.Release|ARM.ActiveCfg = Release|Any CPU
		{B498D971-42F9-4842-83C1-01F72B5E9CD0}.Release|ARM.Build.0 = Release|Any CPU
		{B498D971-42F9-4842-83C1-01F72B5E9CD0}.Release|ARM.Deploy.0 = Release|Any CPU
		{B498D971-42F9-4842-83C1-01F72B5E9CD0}.Release|ARM64.ActiveCfg = Release|Any CPU
		{B498D971-42F9-4842-83C1-01F72B5E9CD0}.Release|ARM64.Build.0 = Release|Any CPU
		{B498D971-42F9-4842-83C1-01F72B5E9CD0}.Release|ARM64.Deploy.0 = Release|Any CPU
		{B498D971-42F9-4842-83C1-01F72B5E9CD0}.Release|iPhone.ActiveCfg = Release|Any CPU
		{B498D971-42F9-4842-83C1-01F72B5E9CD0}.Release|iPhone.Build.0 = Release|Any CPU
		{B498D971-42F9-4842-83C1-01F72B5E9CD0}.Release|iPhoneSimulator.ActiveCfg = Release|Any CPU
		{B498D971-42F9-4842-83C1-01F72B5E9CD0}.Release|iPhoneSimulator.Build.0 = Release|Any CPU
		{B498D971-42F9-4842-83C1-01F72B5E9CD0}.Release|iPhoneSimulator.Deploy.0 = Release|Any CPU
		{B498D971-42F9-4842-83C1-01F72B5E9CD0}.Release|x64.ActiveCfg = Release|Any CPU
		{B498D971-42F9-4842-83C1-01F72B5E9CD0}.Release|x64.Build.0 = Release|Any CPU
		{B498D971-42F9-4842-83C1-01F72B5E9CD0}.Release|x64.Deploy.0 = Release|Any CPU
		{B498D971-42F9-4842-83C1-01F72B5E9CD0}.Release|x86.ActiveCfg = Release|Any CPU
		{B498D971-42F9-4842-83C1-01F72B5E9CD0}.Release|x86.Build.0 = Release|Any CPU
		{B498D971-42F9-4842-83C1-01F72B5E9CD0}.Release|x86.Deploy.0 = Release|Any CPU

		{A5B8155A-118F-4794-B551-C6F3CF7E5411}.Debug|Any CPU.ActiveCfg = Debug|Any CPU
		{A5B8155A-118F-4794-B551-C6F3CF7E5411}.Debug|Any CPU.Build.0 = Debug|Any CPU
		{A5B8155A-118F-4794-B551-C6F3CF7E5411}.Debug|ARM.ActiveCfg = Debug|Any CPU
		{A5B8155A-118F-4794-B551-C6F3CF7E5411}.Debug|ARM.Build.0 = Debug|Any CPU
		{A5B8155A-118F-4794-B551-C6F3CF7E5411}.Debug|ARM64.ActiveCfg = Debug|Any CPU
		{A5B8155A-118F-4794-B551-C6F3CF7E5411}.Debug|ARM64.Build.0 = Debug|Any CPU
		{A5B8155A-118F-4794-B551-C6F3CF7E5411}.Debug|iPhone.ActiveCfg = Debug|Any CPU
		{A5B8155A-118F-4794-B551-C6F3CF7E5411}.Debug|iPhone.Build.0 = Debug|Any CPU
		{A5B8155A-118F-4794-B551-C6F3CF7E5411}.Debug|iPhoneSimulator.ActiveCfg = Debug|Any CPU
		{A5B8155A-118F-4794-B551-C6F3CF7E5411}.Debug|iPhoneSimulator.Build.0 = Debug|Any CPU
		{A5B8155A-118F-4794-B551-C6F3CF7E5411}.Debug|x64.ActiveCfg = Debug|Any CPU
		{A5B8155A-118F-4794-B551-C6F3CF7E5411}.Debug|x64.Build.0 = Debug|Any CPU
		{A5B8155A-118F-4794-B551-C6F3CF7E5411}.Debug|x86.ActiveCfg = Debug|Any CPU
		{A5B8155A-118F-4794-B551-C6F3CF7E5411}.Debug|x86.Build.0 = Debug|Any CPU
		{A5B8155A-118F-4794-B551-C6F3CF7E5411}.Release|Any CPU.ActiveCfg = Release|Any CPU
		{A5B8155A-118F-4794-B551-C6F3CF7E5411}.Release|Any CPU.Build.0 = Release|Any CPU
		{A5B8155A-118F-4794-B551-C6F3CF7E5411}.Release|ARM.ActiveCfg = Release|Any CPU
		{A5B8155A-118F-4794-B551-C6F3CF7E5411}.Release|ARM.Build.0 = Release|Any CPU
		{A5B8155A-118F-4794-B551-C6F3CF7E5411}.Release|ARM64.ActiveCfg = Release|Any CPU
		{A5B8155A-118F-4794-B551-C6F3CF7E5411}.Release|ARM64.Build.0 = Release|Any CPU
		{A5B8155A-118F-4794-B551-C6F3CF7E5411}.Release|iPhone.ActiveCfg = Release|Any CPU
		{A5B8155A-118F-4794-B551-C6F3CF7E5411}.Release|iPhone.Build.0 = Release|Any CPU
		{A5B8155A-118F-4794-B551-C6F3CF7E5411}.Release|iPhoneSimulator.ActiveCfg = Release|Any CPU
		{A5B8155A-118F-4794-B551-C6F3CF7E5411}.Release|iPhoneSimulator.Build.0 = Release|Any CPU
		{A5B8155A-118F-4794-B551-C6F3CF7E5411}.Release|x64.ActiveCfg = Release|Any CPU
		{A5B8155A-118F-4794-B551-C6F3CF7E5411}.Release|x64.Build.0 = Release|Any CPU
		{A5B8155A-118F-4794-B551-C6F3CF7E5411}.Release|x86.ActiveCfg = Release|Any CPU
		{A5B8155A-118F-4794-B551-C6F3CF7E5411}.Release|x86.Build.0 = Release|Any CPU



		{6CF284A4-22B1-4F05-97F4-F095C07A598E}.Debug|Any CPU.ActiveCfg = Debug|Any CPU
		{6CF284A4-22B1-4F05-97F4-F095C07A598E}.Debug|Any CPU.Build.0 = Debug|Any CPU
		{6CF284A4-22B1-4F05-97F4-F095C07A598E}.Debug|ARM.ActiveCfg = Debug|Any CPU
		{6CF284A4-22B1-4F05-97F4-F095C07A598E}.Debug|ARM.Build.0 = Debug|Any CPU
		{6CF284A4-22B1-4F05-97F4-F095C07A598E}.Debug|ARM64.ActiveCfg = Debug|Any CPU
		{6CF284A4-22B1-4F05-97F4-F095C07A598E}.Debug|ARM64.Build.0 = Debug|Any CPU
		{6CF284A4-22B1-4F05-97F4-F095C07A598E}.Debug|iPhone.ActiveCfg = Debug|Any CPU
		{6CF284A4-22B1-4F05-97F4-F095C07A598E}.Debug|iPhone.Build.0 = Debug|Any CPU
		{6CF284A4-22B1-4F05-97F4-F095C07A598E}.Debug|iPhoneSimulator.ActiveCfg = Debug|Any CPU
		{6CF284A4-22B1-4F05-97F4-F095C07A598E}.Debug|iPhoneSimulator.Build.0 = Debug|Any CPU
		{6CF284A4-22B1-4F05-97F4-F095C07A598E}.Debug|x64.ActiveCfg = Debug|Any CPU
		{6CF284A4-22B1-4F05-97F4-F095C07A598E}.Debug|x64.Build.0 = Debug|Any CPU
		{6CF284A4-22B1-4F05-97F4-F095C07A598E}.Debug|x86.ActiveCfg = Debug|Any CPU
		{6CF284A4-22B1-4F05-97F4-F095C07A598E}.Debug|x86.Build.0 = Debug|Any CPU
		{6CF284A4-22B1-4F05-97F4-F095C07A598E}.Release|Any CPU.ActiveCfg = Release|Any CPU
		{6CF284A4-22B1-4F05-97F4-F095C07A598E}.Release|Any CPU.Build.0 = Release|Any CPU
		{6CF284A4-22B1-4F05-97F4-F095C07A598E}.Release|ARM.ActiveCfg = Release|Any CPU
		{6CF284A4-22B1-4F05-97F4-F095C07A598E}.Release|ARM.Build.0 = Release|Any CPU
		{6CF284A4-22B1-4F05-97F4-F095C07A598E}.Release|ARM64.ActiveCfg = Release|Any CPU
		{6CF284A4-22B1-4F05-97F4-F095C07A598E}.Release|ARM64.Build.0 = Release|Any CPU
		{6CF284A4-22B1-4F05-97F4-F095C07A598E}.Release|iPhone.ActiveCfg = Release|Any CPU
		{6CF284A4-22B1-4F05-97F4-F095C07A598E}.Release|iPhone.Build.0 = Release|Any CPU
		{6CF284A4-22B1-4F05-97F4-F095C07A598E}.Release|iPhoneSimulator.ActiveCfg = Release|Any CPU
		{6CF284A4-22B1-4F05-97F4-F095C07A598E}.Release|iPhoneSimulator.Build.0 = Release|Any CPU
		{6CF284A4-22B1-4F05-97F4-F095C07A598E}.Release|x64.ActiveCfg = Release|Any CPU
		{6CF284A4-22B1-4F05-97F4-F095C07A598E}.Release|x64.Build.0 = Release|Any CPU
		{6CF284A4-22B1-4F05-97F4-F095C07A598E}.Release|x86.ActiveCfg = Release|Any CPU
		{6CF284A4-22B1-4F05-97F4-F095C07A598E}.Release|x86.Build.0 = Release|Any CPU

		{40EA03F7-8A22-4143-B251-79BAC3EB13D2}.Debug|Any CPU.ActiveCfg = Debug|Any CPU
		{40EA03F7-8A22-4143-B251-79BAC3EB13D2}.Debug|Any CPU.Build.0 = Debug|Any CPU
		{40EA03F7-8A22-4143-B251-79BAC3EB13D2}.Debug|ARM.ActiveCfg = Debug|Any CPU
		{40EA03F7-8A22-4143-B251-79BAC3EB13D2}.Debug|ARM.Build.0 = Debug|Any CPU
		{40EA03F7-8A22-4143-B251-79BAC3EB13D2}.Debug|ARM64.ActiveCfg = Debug|Any CPU
		{40EA03F7-8A22-4143-B251-79BAC3EB13D2}.Debug|ARM64.Build.0 = Debug|Any CPU
		{40EA03F7-8A22-4143-B251-79BAC3EB13D2}.Debug|iPhone.ActiveCfg = Debug|Any CPU
		{40EA03F7-8A22-4143-B251-79BAC3EB13D2}.Debug|iPhone.Build.0 = Debug|Any CPU
		{40EA03F7-8A22-4143-B251-79BAC3EB13D2}.Debug|iPhoneSimulator.ActiveCfg = Debug|Any CPU
		{40EA03F7-8A22-4143-B251-79BAC3EB13D2}.Debug|iPhoneSimulator.Build.0 = Debug|Any CPU
		{40EA03F7-8A22-4143-B251-79BAC3EB13D2}.Debug|x64.ActiveCfg = Debug|Any CPU
		{40EA03F7-8A22-4143-B251-79BAC3EB13D2}.Debug|x64.Build.0 = Debug|Any CPU
		{40EA03F7-8A22-4143-B251-79BAC3EB13D2}.Debug|x86.ActiveCfg = Debug|Any CPU
		{40EA03F7-8A22-4143-B251-79BAC3EB13D2}.Debug|x86.Build.0 = Debug|Any CPU
		{40EA03F7-8A22-4143-B251-79BAC3EB13D2}.Release|Any CPU.ActiveCfg = Release|Any CPU
		{40EA03F7-8A22-4143-B251-79BAC3EB13D2}.Release|Any CPU.Build.0 = Release|Any CPU
		{40EA03F7-8A22-4143-B251-79BAC3EB13D2}.Release|ARM.ActiveCfg = Release|Any CPU
		{40EA03F7-8A22-4143-B251-79BAC3EB13D2}.Release|ARM.Build.0 = Release|Any CPU
		{40EA03F7-8A22-4143-B251-79BAC3EB13D2}.Release|ARM64.ActiveCfg = Release|Any CPU
		{40EA03F7-8A22-4143-B251-79BAC3EB13D2}.Release|ARM64.Build.0 = Release|Any CPU
		{40EA03F7-8A22-4143-B251-79BAC3EB13D2}.Release|iPhone.ActiveCfg = Release|Any CPU
		{40EA03F7-8A22-4143-B251-79BAC3EB13D2}.Release|iPhone.Build.0 = Release|Any CPU
		{40EA03F7-8A22-4143-B251-79BAC3EB13D2}.Release|iPhoneSimulator.ActiveCfg = Release|Any CPU
		{40EA03F7-8A22-4143-B251-79BAC3EB13D2}.Release|iPhoneSimulator.Build.0 = Release|Any CPU
		{40EA03F7-8A22-4143-B251-79BAC3EB13D2}.Release|x64.ActiveCfg = Release|Any CPU
		{40EA03F7-8A22-4143-B251-79BAC3EB13D2}.Release|x64.Build.0 = Release|Any CPU
		{40EA03F7-8A22-4143-B251-79BAC3EB13D2}.Release|x86.ActiveCfg = Release|Any CPU
		{40EA03F7-8A22-4143-B251-79BAC3EB13D2}.Release|x86.Build.0 = Release|Any CPU
		{FD43B00D-A203-4AC3-A7F9-3EFE6565B0DF}.Debug|Any CPU.ActiveCfg = Debug|iPhoneSimulator
		{FD43B00D-A203-4AC3-A7F9-3EFE6565B0DF}.Debug|Any CPU.Build.0 = Debug|iPhoneSimulator
		{FD43B00D-A203-4AC3-A7F9-3EFE6565B0DF}.Debug|ARM.ActiveCfg = Debug|iPhoneSimulator
		{FD43B00D-A203-4AC3-A7F9-3EFE6565B0DF}.Debug|ARM64.ActiveCfg = Debug|iPhoneSimulator
		{FD43B00D-A203-4AC3-A7F9-3EFE6565B0DF}.Debug|iPhone.ActiveCfg = Debug|iPhoneSimulator
		{FD43B00D-A203-4AC3-A7F9-3EFE6565B0DF}.Debug|iPhone.Build.0 = Debug|iPhoneSimulator
		{FD43B00D-A203-4AC3-A7F9-3EFE6565B0DF}.Debug|iPhoneSimulator.ActiveCfg = Debug|iPhoneSimulator
		{FD43B00D-A203-4AC3-A7F9-3EFE6565B0DF}.Debug|iPhoneSimulator.Build.0 = Debug|iPhoneSimulator
		{FD43B00D-A203-4AC3-A7F9-3EFE6565B0DF}.Debug|x64.ActiveCfg = Debug|iPhoneSimulator
		{FD43B00D-A203-4AC3-A7F9-3EFE6565B0DF}.Debug|x64.Build.0 = Debug|iPhoneSimulator
		{FD43B00D-A203-4AC3-A7F9-3EFE6565B0DF}.Debug|x86.ActiveCfg = Debug|iPhoneSimulator
		{FD43B00D-A203-4AC3-A7F9-3EFE6565B0DF}.Debug|x86.Build.0 = Debug|iPhoneSimulator
		{FD43B00D-A203-4AC3-A7F9-3EFE6565B0DF}.Release|Any CPU.ActiveCfg = Release|iPhoneSimulator
		{FD43B00D-A203-4AC3-A7F9-3EFE6565B0DF}.Release|ARM.ActiveCfg = Release|iPhoneSimulator
		{FD43B00D-A203-4AC3-A7F9-3EFE6565B0DF}.Release|ARM64.ActiveCfg = Release|iPhoneSimulator
		{FD43B00D-A203-4AC3-A7F9-3EFE6565B0DF}.Release|iPhone.ActiveCfg = Release|iPhoneSimulator
		{FD43B00D-A203-4AC3-A7F9-3EFE6565B0DF}.Release|iPhone.Build.0 = Release|iPhoneSimulator
		{FD43B00D-A203-4AC3-A7F9-3EFE6565B0DF}.Release|iPhoneSimulator.ActiveCfg = Release|iPhoneSimulator
		{FD43B00D-A203-4AC3-A7F9-3EFE6565B0DF}.Release|iPhoneSimulator.Build.0 = Release|iPhoneSimulator
		{FD43B00D-A203-4AC3-A7F9-3EFE6565B0DF}.Release|x64.ActiveCfg = Release|iPhoneSimulator
		{FD43B00D-A203-4AC3-A7F9-3EFE6565B0DF}.Release|x64.Build.0 = Release|iPhoneSimulator
		{FD43B00D-A203-4AC3-A7F9-3EFE6565B0DF}.Release|x86.ActiveCfg = Release|iPhoneSimulator
		{FD43B00D-A203-4AC3-A7F9-3EFE6565B0DF}.Release|x86.Build.0 = Release|iPhoneSimulator
	EndGlobalSection
	GlobalSection(SolutionProperties) = preSolution
		HideSolutionNode = FALSE
	EndGlobalSection
	GlobalSection(ExtensibilityGlobals) = postSolution
		SolutionGuid = {C7433AE2-B1A0-4C1A-887E-5CAA7AAF67A6}
	EndGlobalSection
EndGlobal
