
Microsoft Visual Studio Solution File, Format Version 12.00
# Visual Studio Version 17
VisualStudioVersion = 17.3.32505.426
MinimumVisualStudioVersion = 10.0.40219.1
Project("{D954291E-2A0B-460D-934E-DC6B0785DB48}") = "UnoReferenceNet6.Shared", "UnoReferenceNet6\UnoReferenceNet6.Shared\UnoReferenceNet6.Shared.shproj", "{6279C845-92F8-4333-AB99-3D213163593C}"
EndProject
Project("{2150E333-8FDC-42A3-9474-1A3956D46DE8}") = "Platforms", "Platforms", "{3E792849-200B-4C54-8532-CF281E8CB7C3}"
EndProject
Project("{FAE04EC0-301F-11D3-BF4B-00C04F79EFBC}") = "UnoReferenceNet6.Mobile", "UnoReferenceNet6\UnoReferenceNet6.Mobile\UnoReferenceNet6.Mobile.csproj", "{2010BF80-D0D7-4E2A-A4A8-8D169A35295A}"
EndProject
Project("{FAE04EC0-301F-11D3-BF4B-00C04F79EFBC}") = "UnoReferenceNet6.UWP", "UnoReferenceNet6\UnoReferenceNet6.UWP\UnoReferenceNet6.UWP.csproj", "{07CF9BD6-8C93-4320-AAAC-5D4FA447A445}"
EndProject
Project("{FAE04EC0-301F-11D3-BF4B-00C04F79EFBC}") = "UnoReferenceNet6.Wasm", "UnoReferenceNet6\UnoReferenceNet6.Wasm\UnoReferenceNet6.Wasm.csproj", "{C3A8D5D2-2990-4677-8581-4512BE668F6B}"
EndProject
Project("{FAE04EC0-301F-11D3-BF4B-00C04F79EFBC}") = "UnoReferenceNet6.Skia.Wpf.Host", "UnoReferenceNet6\UnoReferenceNet6.Skia.Wpf.Host\UnoReferenceNet6.Skia.Wpf.Host.csproj", "{7232FF9C-7771-48FC-977B-BE0085738D4D}"
EndProject
Project("{FAE04EC0-301F-11D3-BF4B-00C04F79EFBC}") = "UnoReferenceNet6.Skia.Wpf", "UnoReferenceNet6\UnoReferenceNet6.Skia.Wpf\UnoReferenceNet6.Skia.Wpf.csproj", "{FDD4BBF1-FA07-48B2-8548-1CC474B4F0D8}"
EndProject
Project("{FAE04EC0-301F-11D3-BF4B-00C04F79EFBC}") = "UnoReferenceNet6.Skia.Gtk", "UnoReferenceNet6\UnoReferenceNet6.Skia.Gtk\UnoReferenceNet6.Skia.Gtk.csproj", "{8B41E79C-9039-48FE-B5D6-02FE223312E5}"
EndProject
Global
	GlobalSection(SolutionConfigurationPlatforms) = preSolution
		Debug|Any CPU = Debug|Any CPU
		Debug|ARM = Debug|ARM
		Debug|ARM64 = Debug|ARM64
		Debug|x64 = Debug|x64
		Debug|x86 = Debug|x86
		Release|Any CPU = Release|Any CPU
		Release|ARM = Release|ARM
		Release|ARM64 = Release|ARM64
		Release|x64 = Release|x64
		Release|x86 = Release|x86
	EndGlobalSection
	GlobalSection(ProjectConfigurationPlatforms) = postSolution
		{2010BF80-D0D7-4E2A-A4A8-8D169A35295A}.Debug|Any CPU.ActiveCfg = Debug|Any CPU
		{2010BF80-D0D7-4E2A-A4A8-8D169A35295A}.Debug|Any CPU.Build.0 = Debug|Any CPU
		{2010BF80-D0D7-4E2A-A4A8-8D169A35295A}.Debug|Any CPU.Deploy.0 = Debug|Any CPU
		{2010BF80-D0D7-4E2A-A4A8-8D169A35295A}.Debug|ARM.ActiveCfg = Debug|Any CPU
		{2010BF80-D0D7-4E2A-A4A8-8D169A35295A}.Debug|ARM.Build.0 = Debug|Any CPU
		{2010BF80-D0D7-4E2A-A4A8-8D169A35295A}.Debug|ARM.Deploy.0 = Debug|Any CPU
		{2010BF80-D0D7-4E2A-A4A8-8D169A35295A}.Debug|ARM64.ActiveCfg = Debug|Any CPU
		{2010BF80-D0D7-4E2A-A4A8-8D169A35295A}.Debug|ARM64.Build.0 = Debug|Any CPU
		{2010BF80-D0D7-4E2A-A4A8-8D169A35295A}.Debug|ARM64.Deploy.0 = Debug|Any CPU
		{2010BF80-D0D7-4E2A-A4A8-8D169A35295A}.Debug|x64.ActiveCfg = Debug|Any CPU
		{2010BF80-D0D7-4E2A-A4A8-8D169A35295A}.Debug|x64.Build.0 = Debug|Any CPU
		{2010BF80-D0D7-4E2A-A4A8-8D169A35295A}.Debug|x64.Deploy.0 = Debug|Any CPU
		{2010BF80-D0D7-4E2A-A4A8-8D169A35295A}.Debug|x86.ActiveCfg = Debug|Any CPU
		{2010BF80-D0D7-4E2A-A4A8-8D169A35295A}.Debug|x86.Build.0 = Debug|Any CPU
		{2010BF80-D0D7-4E2A-A4A8-8D169A35295A}.Debug|x86.Deploy.0 = Debug|Any CPU
		{2010BF80-D0D7-4E2A-A4A8-8D169A35295A}.Release|Any CPU.ActiveCfg = Release|Any CPU
		{2010BF80-D0D7-4E2A-A4A8-8D169A35295A}.Release|Any CPU.Build.0 = Release|Any CPU
		{2010BF80-D0D7-4E2A-A4A8-8D169A35295A}.Release|Any CPU.Deploy.0 = Release|Any CPU
		{2010BF80-D0D7-4E2A-A4A8-8D169A35295A}.Release|ARM.ActiveCfg = Release|Any CPU
		{2010BF80-D0D7-4E2A-A4A8-8D169A35295A}.Release|ARM.Build.0 = Release|Any CPU
		{2010BF80-D0D7-4E2A-A4A8-8D169A35295A}.Release|ARM.Deploy.0 = Release|Any CPU
		{2010BF80-D0D7-4E2A-A4A8-8D169A35295A}.Release|ARM64.ActiveCfg = Release|Any CPU
		{2010BF80-D0D7-4E2A-A4A8-8D169A35295A}.Release|ARM64.Build.0 = Release|Any CPU
		{2010BF80-D0D7-4E2A-A4A8-8D169A35295A}.Release|ARM64.Deploy.0 = Release|Any CPU
		{2010BF80-D0D7-4E2A-A4A8-8D169A35295A}.Release|x64.ActiveCfg = Release|Any CPU
		{2010BF80-D0D7-4E2A-A4A8-8D169A35295A}.Release|x64.Build.0 = Release|Any CPU
		{2010BF80-D0D7-4E2A-A4A8-8D169A35295A}.Release|x64.Deploy.0 = Release|Any CPU
		{2010BF80-D0D7-4E2A-A4A8-8D169A35295A}.Release|x86.ActiveCfg = Release|Any CPU
		{2010BF80-D0D7-4E2A-A4A8-8D169A35295A}.Release|x86.Build.0 = Release|Any CPU
		{2010BF80-D0D7-4E2A-A4A8-8D169A35295A}.Release|x86.Deploy.0 = Release|Any CPU
		{07CF9BD6-8C93-4320-AAAC-5D4FA447A445}.Debug|Any CPU.ActiveCfg = Debug|x64
		{07CF9BD6-8C93-4320-AAAC-5D4FA447A445}.Debug|Any CPU.Build.0 = Debug|x64
		{07CF9BD6-8C93-4320-AAAC-5D4FA447A445}.Debug|Any CPU.Deploy.0 = Debug|x64
		{07CF9BD6-8C93-4320-AAAC-5D4FA447A445}.Debug|ARM.ActiveCfg = Debug|ARM
		{07CF9BD6-8C93-4320-AAAC-5D4FA447A445}.Debug|ARM.Build.0 = Debug|ARM
		{07CF9BD6-8C93-4320-AAAC-5D4FA447A445}.Debug|ARM.Deploy.0 = Debug|ARM
		{07CF9BD6-8C93-4320-AAAC-5D4FA447A445}.Debug|ARM64.ActiveCfg = Debug|ARM64
		{07CF9BD6-8C93-4320-AAAC-5D4FA447A445}.Debug|ARM64.Build.0 = Debug|ARM64
		{07CF9BD6-8C93-4320-AAAC-5D4FA447A445}.Debug|ARM64.Deploy.0 = Debug|ARM64
		{07CF9BD6-8C93-4320-AAAC-5D4FA447A445}.Debug|x64.ActiveCfg = Debug|x64
		{07CF9BD6-8C93-4320-AAAC-5D4FA447A445}.Debug|x64.Build.0 = Debug|x64
		{07CF9BD6-8C93-4320-AAAC-5D4FA447A445}.Debug|x64.Deploy.0 = Debug|x64
		{07CF9BD6-8C93-4320-AAAC-5D4FA447A445}.Debug|x86.ActiveCfg = Debug|x86
		{07CF9BD6-8C93-4320-AAAC-5D4FA447A445}.Debug|x86.Build.0 = Debug|x86
		{07CF9BD6-8C93-4320-AAAC-5D4FA447A445}.Debug|x86.Deploy.0 = Debug|x86
		{07CF9BD6-8C93-4320-AAAC-5D4FA447A445}.Release|Any CPU.ActiveCfg = Release|x64
		{07CF9BD6-8C93-4320-AAAC-5D4FA447A445}.Release|Any CPU.Build.0 = Release|x64
		{07CF9BD6-8C93-4320-AAAC-5D4FA447A445}.Release|Any CPU.Deploy.0 = Release|x64
		{07CF9BD6-8C93-4320-AAAC-5D4FA447A445}.Release|ARM.ActiveCfg = Release|ARM
		{07CF9BD6-8C93-4320-AAAC-5D4FA447A445}.Release|ARM.Build.0 = Release|ARM
		{07CF9BD6-8C93-4320-AAAC-5D4FA447A445}.Release|ARM.Deploy.0 = Release|ARM
		{07CF9BD6-8C93-4320-AAAC-5D4FA447A445}.Release|ARM64.ActiveCfg = Release|ARM64
		{07CF9BD6-8C93-4320-AAAC-5D4FA447A445}.Release|ARM64.Build.0 = Release|ARM64
		{07CF9BD6-8C93-4320-AAAC-5D4FA447A445}.Release|ARM64.Deploy.0 = Release|ARM64
		{07CF9BD6-8C93-4320-AAAC-5D4FA447A445}.Release|x64.ActiveCfg = Release|x64
		{07CF9BD6-8C93-4320-AAAC-5D4FA447A445}.Release|x64.Build.0 = Release|x64
		{07CF9BD6-8C93-4320-AAAC-5D4FA447A445}.Release|x64.Deploy.0 = Release|x64
		{07CF9BD6-8C93-4320-AAAC-5D4FA447A445}.Release|x86.ActiveCfg = Release|x86
		{07CF9BD6-8C93-4320-AAAC-5D4FA447A445}.Release|x86.Build.0 = Release|x86
		{07CF9BD6-8C93-4320-AAAC-5D4FA447A445}.Release|x86.Deploy.0 = Release|x86
		{C3A8D5D2-2990-4677-8581-4512BE668F6B}.Debug|Any CPU.ActiveCfg = Debug|Any CPU
		{C3A8D5D2-2990-4677-8581-4512BE668F6B}.Debug|Any CPU.Build.0 = Debug|Any CPU
		{C3A8D5D2-2990-4677-8581-4512BE668F6B}.Debug|ARM.ActiveCfg = Debug|Any CPU
		{C3A8D5D2-2990-4677-8581-4512BE668F6B}.Debug|ARM.Build.0 = Debug|Any CPU
		{C3A8D5D2-2990-4677-8581-4512BE668F6B}.Debug|ARM64.ActiveCfg = Debug|Any CPU
		{C3A8D5D2-2990-4677-8581-4512BE668F6B}.Debug|ARM64.Build.0 = Debug|Any CPU
		{C3A8D5D2-2990-4677-8581-4512BE668F6B}.Debug|x64.ActiveCfg = Debug|Any CPU
		{C3A8D5D2-2990-4677-8581-4512BE668F6B}.Debug|x64.Build.0 = Debug|Any CPU
		{C3A8D5D2-2990-4677-8581-4512BE668F6B}.Debug|x86.ActiveCfg = Debug|Any CPU
		{C3A8D5D2-2990-4677-8581-4512BE668F6B}.Debug|x86.Build.0 = Debug|Any CPU
		{C3A8D5D2-2990-4677-8581-4512BE668F6B}.Release|Any CPU.ActiveCfg = Release|Any CPU
		{C3A8D5D2-2990-4677-8581-4512BE668F6B}.Release|Any CPU.Build.0 = Release|Any CPU
		{C3A8D5D2-2990-4677-8581-4512BE668F6B}.Release|ARM.ActiveCfg = Release|Any CPU
		{C3A8D5D2-2990-4677-8581-4512BE668F6B}.Release|ARM.Build.0 = Release|Any CPU
		{C3A8D5D2-2990-4677-8581-4512BE668F6B}.Release|ARM64.ActiveCfg = Release|Any CPU
		{C3A8D5D2-2990-4677-8581-4512BE668F6B}.Release|ARM64.Build.0 = Release|Any CPU
		{C3A8D5D2-2990-4677-8581-4512BE668F6B}.Release|x64.ActiveCfg = Release|Any CPU
		{C3A8D5D2-2990-4677-8581-4512BE668F6B}.Release|x64.Build.0 = Release|Any CPU
		{C3A8D5D2-2990-4677-8581-4512BE668F6B}.Release|x86.ActiveCfg = Release|Any CPU
		{C3A8D5D2-2990-4677-8581-4512BE668F6B}.Release|x86.Build.0 = Release|Any CPU
		{7232FF9C-7771-48FC-977B-BE0085738D4D}.Debug|Any CPU.ActiveCfg = Debug|Any CPU
		{7232FF9C-7771-48FC-977B-BE0085738D4D}.Debug|Any CPU.Build.0 = Debug|Any CPU
		{7232FF9C-7771-48FC-977B-BE0085738D4D}.Debug|ARM.ActiveCfg = Debug|Any CPU
		{7232FF9C-7771-48FC-977B-BE0085738D4D}.Debug|ARM.Build.0 = Debug|Any CPU
		{7232FF9C-7771-48FC-977B-BE0085738D4D}.Debug|ARM64.ActiveCfg = Debug|Any CPU
		{7232FF9C-7771-48FC-977B-BE0085738D4D}.Debug|ARM64.Build.0 = Debug|Any CPU
		{7232FF9C-7771-48FC-977B-BE0085738D4D}.Debug|x64.ActiveCfg = Debug|Any CPU
		{7232FF9C-7771-48FC-977B-BE0085738D4D}.Debug|x64.Build.0 = Debug|Any CPU
		{7232FF9C-7771-48FC-977B-BE0085738D4D}.Debug|x86.ActiveCfg = Debug|Any CPU
		{7232FF9C-7771-48FC-977B-BE0085738D4D}.Debug|x86.Build.0 = Debug|Any CPU
		{7232FF9C-7771-48FC-977B-BE0085738D4D}.Release|Any CPU.ActiveCfg = Release|Any CPU
		{7232FF9C-7771-48FC-977B-BE0085738D4D}.Release|Any CPU.Build.0 = Release|Any CPU
		{7232FF9C-7771-48FC-977B-BE0085738D4D}.Release|ARM.ActiveCfg = Release|Any CPU
		{7232FF9C-7771-48FC-977B-BE0085738D4D}.Release|ARM.Build.0 = Release|Any CPU
		{7232FF9C-7771-48FC-977B-BE0085738D4D}.Release|ARM64.ActiveCfg = Release|Any CPU
		{7232FF9C-7771-48FC-977B-BE0085738D4D}.Release|ARM64.Build.0 = Release|Any CPU
		{7232FF9C-7771-48FC-977B-BE0085738D4D}.Release|x64.ActiveCfg = Release|Any CPU
		{7232FF9C-7771-48FC-977B-BE0085738D4D}.Release|x64.Build.0 = Release|Any CPU
		{7232FF9C-7771-48FC-977B-BE0085738D4D}.Release|x86.ActiveCfg = Release|Any CPU
		{7232FF9C-7771-48FC-977B-BE0085738D4D}.Release|x86.Build.0 = Release|Any CPU
		{FDD4BBF1-FA07-48B2-8548-1CC474B4F0D8}.Debug|Any CPU.ActiveCfg = Debug|Any CPU
		{FDD4BBF1-FA07-48B2-8548-1CC474B4F0D8}.Debug|Any CPU.Build.0 = Debug|Any CPU
		{FDD4BBF1-FA07-48B2-8548-1CC474B4F0D8}.Debug|ARM.ActiveCfg = Debug|Any CPU
		{FDD4BBF1-FA07-48B2-8548-1CC474B4F0D8}.Debug|ARM.Build.0 = Debug|Any CPU
		{FDD4BBF1-FA07-48B2-8548-1CC474B4F0D8}.Debug|ARM64.ActiveCfg = Debug|Any CPU
		{FDD4BBF1-FA07-48B2-8548-1CC474B4F0D8}.Debug|ARM64.Build.0 = Debug|Any CPU
		{FDD4BBF1-FA07-48B2-8548-1CC474B4F0D8}.Debug|x64.ActiveCfg = Debug|Any CPU
		{FDD4BBF1-FA07-48B2-8548-1CC474B4F0D8}.Debug|x64.Build.0 = Debug|Any CPU
		{FDD4BBF1-FA07-48B2-8548-1CC474B4F0D8}.Debug|x86.ActiveCfg = Debug|Any CPU
		{FDD4BBF1-FA07-48B2-8548-1CC474B4F0D8}.Debug|x86.Build.0 = Debug|Any CPU
		{FDD4BBF1-FA07-48B2-8548-1CC474B4F0D8}.Release|Any CPU.ActiveCfg = Release|Any CPU
		{FDD4BBF1-FA07-48B2-8548-1CC474B4F0D8}.Release|Any CPU.Build.0 = Release|Any CPU
		{FDD4BBF1-FA07-48B2-8548-1CC474B4F0D8}.Release|ARM.ActiveCfg = Release|Any CPU
		{FDD4BBF1-FA07-48B2-8548-1CC474B4F0D8}.Release|ARM.Build.0 = Release|Any CPU
		{FDD4BBF1-FA07-48B2-8548-1CC474B4F0D8}.Release|ARM64.ActiveCfg = Release|Any CPU
		{FDD4BBF1-FA07-48B2-8548-1CC474B4F0D8}.Release|ARM64.Build.0 = Release|Any CPU
		{FDD4BBF1-FA07-48B2-8548-1CC474B4F0D8}.Release|x64.ActiveCfg = Release|Any CPU
		{FDD4BBF1-FA07-48B2-8548-1CC474B4F0D8}.Release|x64.Build.0 = Release|Any CPU
		{FDD4BBF1-FA07-48B2-8548-1CC474B4F0D8}.Release|x86.ActiveCfg = Release|Any CPU
		{FDD4BBF1-FA07-48B2-8548-1CC474B4F0D8}.Release|x86.Build.0 = Release|Any CPU
		{8B41E79C-9039-48FE-B5D6-02FE223312E5}.Debug|Any CPU.ActiveCfg = Debug|Any CPU
		{8B41E79C-9039-48FE-B5D6-02FE223312E5}.Debug|Any CPU.Build.0 = Debug|Any CPU
		{8B41E79C-9039-48FE-B5D6-02FE223312E5}.Debug|ARM.ActiveCfg = Debug|Any CPU
		{8B41E79C-9039-48FE-B5D6-02FE223312E5}.Debug|ARM.Build.0 = Debug|Any CPU
		{8B41E79C-9039-48FE-B5D6-02FE223312E5}.Debug|ARM64.ActiveCfg = Debug|Any CPU
		{8B41E79C-9039-48FE-B5D6-02FE223312E5}.Debug|ARM64.Build.0 = Debug|Any CPU
		{8B41E79C-9039-48FE-B5D6-02FE223312E5}.Debug|x64.ActiveCfg = Debug|Any CPU
		{8B41E79C-9039-48FE-B5D6-02FE223312E5}.Debug|x64.Build.0 = Debug|Any CPU
		{8B41E79C-9039-48FE-B5D6-02FE223312E5}.Debug|x86.ActiveCfg = Debug|Any CPU
		{8B41E79C-9039-48FE-B5D6-02FE223312E5}.Debug|x86.Build.0 = Debug|Any CPU
		{8B41E79C-9039-48FE-B5D6-02FE223312E5}.Release|Any CPU.ActiveCfg = Release|Any CPU
		{8B41E79C-9039-48FE-B5D6-02FE223312E5}.Release|Any CPU.Build.0 = Release|Any CPU
		{8B41E79C-9039-48FE-B5D6-02FE223312E5}.Release|ARM.ActiveCfg = Release|Any CPU
		{8B41E79C-9039-48FE-B5D6-02FE223312E5}.Release|ARM.Build.0 = Release|Any CPU
		{8B41E79C-9039-48FE-B5D6-02FE223312E5}.Release|ARM64.ActiveCfg = Release|Any CPU
		{8B41E79C-9039-48FE-B5D6-02FE223312E5}.Release|ARM64.Build.0 = Release|Any CPU
		{8B41E79C-9039-48FE-B5D6-02FE223312E5}.Release|x64.ActiveCfg = Release|Any CPU
		{8B41E79C-9039-48FE-B5D6-02FE223312E5}.Release|x64.Build.0 = Release|Any CPU
		{8B41E79C-9039-48FE-B5D6-02FE223312E5}.Release|x86.ActiveCfg = Release|Any CPU
		{8B41E79C-9039-48FE-B5D6-02FE223312E5}.Release|x86.Build.0 = Release|Any CPU
	EndGlobalSection
	GlobalSection(SolutionProperties) = preSolution
		HideSolutionNode = FALSE
	EndGlobalSection
	GlobalSection(NestedProjects) = preSolution
		{2010BF80-D0D7-4E2A-A4A8-8D169A35295A} = {3E792849-200B-4C54-8532-CF281E8CB7C3}
		{07CF9BD6-8C93-4320-AAAC-5D4FA447A445} = {3E792849-200B-4C54-8532-CF281E8CB7C3}
		{C3A8D5D2-2990-4677-8581-4512BE668F6B} = {3E792849-200B-4C54-8532-CF281E8CB7C3}
		{7232FF9C-7771-48FC-977B-BE0085738D4D} = {3E792849-200B-4C54-8532-CF281E8CB7C3}
		{FDD4BBF1-FA07-48B2-8548-1CC474B4F0D8} = {3E792849-200B-4C54-8532-CF281E8CB7C3}
		{8B41E79C-9039-48FE-B5D6-02FE223312E5} = {3E792849-200B-4C54-8532-CF281E8CB7C3}
	EndGlobalSection
	GlobalSection(ExtensibilityGlobals) = postSolution
		SolutionGuid = {ACF6E554-9CEE-49E6-BEA8-19D634D30A5A}
	EndGlobalSection
	GlobalSection(SharedMSBuildProjectFiles) = preSolution
		UnoReferenceNet6\UnoReferenceNet6.Shared\UnoReferenceNet6.Shared.projitems*{07cf9bd6-8c93-4320-aaac-5d4fa447a445}*SharedItemsImports = 4
		UnoReferenceNet6\UnoReferenceNet6.Shared\UnoReferenceNet6.Shared.projitems*{2010bf80-d0d7-4e2a-a4a8-8d169a35295a}*SharedItemsImports = 5
		UnoReferenceNet6\UnoReferenceNet6.Shared\UnoReferenceNet6.Shared.projitems*{6279c845-92f8-4333-ab99-3d213163593c}*SharedItemsImports = 13
		UnoReferenceNet6\UnoReferenceNet6.Shared\UnoReferenceNet6.Shared.projitems*{8b41e79c-9039-48fe-b5d6-02fe223312e5}*SharedItemsImports = 5
		UnoReferenceNet6\UnoReferenceNet6.Shared\UnoReferenceNet6.Shared.projitems*{c3a8d5d2-2990-4677-8581-4512be668f6b}*SharedItemsImports = 5
		UnoReferenceNet6\UnoReferenceNet6.Shared\UnoReferenceNet6.Shared.projitems*{fdd4bbf1-fa07-48b2-8548-1cc474b4f0d8}*SharedItemsImports = 5
	EndGlobalSection
EndGlobal
