
Microsoft Visual Studio Solution File, Format Version 12.00
# Visual Studio Version 17
VisualStudioVersion = 17.0.32112.339
MinimumVisualStudioVersion = 10.0.40219.1
Project("{D954291E-2A0B-460D-934E-DC6B0785DB48}") = "UnoNet6Sample.Shared", "UnoNet6Sample\UnoNet6Sample.Shared\UnoNet6Sample.Shared.shproj", "{6279C845-92F8-4333-AB99-3D213163593C}"
EndProject
Project("{2150E333-8FDC-42A3-9474-1A3956D46DE8}") = "Platforms", "Platforms", "{70913E07-C974-4A7A-94B2-22D62630E2D0}"
EndProject
Project("{FAE04EC0-301F-11D3-BF4B-00C04F79EFBC}") = "UnoNet6Sample.Mobile", "UnoNet6Sample\UnoNet6Sample.Mobile\UnoNet6Sample.Mobile.csproj", "{39FBB56E-6A9F-4A88-9BC8-2DB13DCC4D64}"
EndProject
Project("{FAE04EC0-301F-11D3-BF4B-00C04F79EFBC}") = "UnoNet6Sample.UWP", "UnoNet6Sample\UnoNet6Sample.UWP\UnoNet6Sample.UWP.csproj", "{971ED459-A35C-434E-91A4-742793AC46F2}"
EndProject
Project("{FAE04EC0-301F-11D3-BF4B-00C04F79EFBC}") = "UnoNet6Sample.Wasm", "UnoNet6Sample\UnoNet6Sample.Wasm\UnoNet6Sample.Wasm.csproj", "{A90EE5A2-B158-45CF-B7A1-88AE9E75CB6B}"
EndProject
Project("{FAE04EC0-301F-11D3-BF4B-00C04F79EFBC}") = "UnoNet6Sample.Skia.Wpf.Host", "UnoNet6Sample\UnoNet6Sample.Skia.Wpf.Host\UnoNet6Sample.Skia.Wpf.Host.csproj", "{84A148DC-6149-4B08-A2C2-35073DBC26D8}"
EndProject
Project("{FAE04EC0-301F-11D3-BF4B-00C04F79EFBC}") = "UnoNet6Sample.Skia.Wpf", "UnoNet6Sample\UnoNet6Sample.Skia.Wpf\UnoNet6Sample.Skia.Wpf.csproj", "{ED4649FB-F0B2-494D-A43B-5229E08B4A7B}"
EndProject
Project("{FAE04EC0-301F-11D3-BF4B-00C04F79EFBC}") = "UnoNet6Sample.Skia.Gtk", "UnoNet6Sample\UnoNet6Sample.Skia.Gtk\UnoNet6Sample.Skia.Gtk.csproj", "{1BE688E2-7E88-4BDC-8D5C-A92C38BD5635}"
EndProject
Global
	GlobalSection(SharedMSBuildProjectFiles) = preSolution
		UnoNet6Sample\UnoNet6Sample.Shared\UnoNet6Sample.Shared.projitems*{1be688e2-7e88-4bdc-8d5c-a92c38bd5635}*SharedItemsImports = 5
		UnoNet6Sample\UnoNet6Sample.Shared\UnoNet6Sample.Shared.projitems*{39fbb56e-6a9f-4a88-9bc8-2db13dcc4d64}*SharedItemsImports = 5
		UnoNet6Sample\UnoNet6Sample.Shared\UnoNet6Sample.Shared.projitems*{6279c845-92f8-4333-ab99-3d213163593c}*SharedItemsImports = 13
		UnoNet6Sample\UnoNet6Sample.Shared\UnoNet6Sample.Shared.projitems*{971ed459-a35c-434e-91a4-742793ac46f2}*SharedItemsImports = 4
		UnoNet6Sample\UnoNet6Sample.Shared\UnoNet6Sample.Shared.projitems*{a90ee5a2-b158-45cf-b7a1-88ae9e75cb6b}*SharedItemsImports = 5
		UnoNet6Sample\UnoNet6Sample.Shared\UnoNet6Sample.Shared.projitems*{ed4649fb-f0b2-494d-a43b-5229e08b4a7b}*SharedItemsImports = 5
	EndGlobalSection
	GlobalSection(SolutionConfigurationPlatforms) = preSolution
		Debug|Any CPU = Debug|Any CPU
		Debug|ARM = Debug|ARM
		Debug|ARM64 = Debug|ARM64
		Debug|x64 = Debug|x64
		Debug|x86 = Debug|x86
		Release|Any CPU = Release|Any CPU
		Release|ARM = Release|ARM
		Release|ARM64 = Release|ARM64
		Release|x64 = Release|x64
		Release|x86 = Release|x86
	EndGlobalSection
	GlobalSection(ProjectConfigurationPlatforms) = postSolution
		{39FBB56E-6A9F-4A88-9BC8-2DB13DCC4D64}.Debug|Any CPU.ActiveCfg = Debug|Any CPU
		{39FBB56E-6A9F-4A88-9BC8-2DB13DCC4D64}.Debug|Any CPU.Build.0 = Debug|Any CPU
		{39FBB56E-6A9F-4A88-9BC8-2DB13DCC4D64}.Debug|Any CPU.Deploy.0 = Debug|Any CPU
		{39FBB56E-6A9F-4A88-9BC8-2DB13DCC4D64}.Debug|ARM.ActiveCfg = Debug|Any CPU
		{39FBB56E-6A9F-4A88-9BC8-2DB13DCC4D64}.Debug|ARM.Build.0 = Debug|Any CPU
		{39FBB56E-6A9F-4A88-9BC8-2DB13DCC4D64}.Debug|ARM.Deploy.0 = Debug|Any CPU
		{39FBB56E-6A9F-4A88-9BC8-2DB13DCC4D64}.Debug|ARM64.ActiveCfg = Debug|Any CPU
		{39FBB56E-6A9F-4A88-9BC8-2DB13DCC4D64}.Debug|ARM64.Build.0 = Debug|Any CPU
		{39FBB56E-6A9F-4A88-9BC8-2DB13DCC4D64}.Debug|ARM64.Deploy.0 = Debug|Any CPU
		{39FBB56E-6A9F-4A88-9BC8-2DB13DCC4D64}.Debug|x64.ActiveCfg = Debug|Any CPU
		{39FBB56E-6A9F-4A88-9BC8-2DB13DCC4D64}.Debug|x64.Build.0 = Debug|Any CPU
		{39FBB56E-6A9F-4A88-9BC8-2DB13DCC4D64}.Debug|x64.Deploy.0 = Debug|Any CPU
		{39FBB56E-6A9F-4A88-9BC8-2DB13DCC4D64}.Debug|x86.ActiveCfg = Debug|Any CPU
		{39FBB56E-6A9F-4A88-9BC8-2DB13DCC4D64}.Debug|x86.Build.0 = Debug|Any CPU
		{39FBB56E-6A9F-4A88-9BC8-2DB13DCC4D64}.Debug|x86.Deploy.0 = Debug|Any CPU
		{39FBB56E-6A9F-4A88-9BC8-2DB13DCC4D64}.Release|Any CPU.ActiveCfg = Release|Any CPU
		{39FBB56E-6A9F-4A88-9BC8-2DB13DCC4D64}.Release|Any CPU.Build.0 = Release|Any CPU
		{39FBB56E-6A9F-4A88-9BC8-2DB13DCC4D64}.Release|Any CPU.Deploy.0 = Release|Any CPU
		{39FBB56E-6A9F-4A88-9BC8-2DB13DCC4D64}.Release|ARM.ActiveCfg = Release|Any CPU
		{39FBB56E-6A9F-4A88-9BC8-2DB13DCC4D64}.Release|ARM.Build.0 = Release|Any CPU
		{39FBB56E-6A9F-4A88-9BC8-2DB13DCC4D64}.Release|ARM.Deploy.0 = Release|Any CPU
		{39FBB56E-6A9F-4A88-9BC8-2DB13DCC4D64}.Release|ARM64.ActiveCfg = Release|Any CPU
		{39FBB56E-6A9F-4A88-9BC8-2DB13DCC4D64}.Release|ARM64.Build.0 = Release|Any CPU
		{39FBB56E-6A9F-4A88-9BC8-2DB13DCC4D64}.Release|ARM64.Deploy.0 = Release|Any CPU
		{39FBB56E-6A9F-4A88-9BC8-2DB13DCC4D64}.Release|x64.ActiveCfg = Release|Any CPU
		{39FBB56E-6A9F-4A88-9BC8-2DB13DCC4D64}.Release|x64.Build.0 = Release|Any CPU
		{39FBB56E-6A9F-4A88-9BC8-2DB13DCC4D64}.Release|x64.Deploy.0 = Release|Any CPU
		{39FBB56E-6A9F-4A88-9BC8-2DB13DCC4D64}.Release|x86.ActiveCfg = Release|Any CPU
		{39FBB56E-6A9F-4A88-9BC8-2DB13DCC4D64}.Release|x86.Build.0 = Release|Any CPU
		{39FBB56E-6A9F-4A88-9BC8-2DB13DCC4D64}.Release|x86.Deploy.0 = Release|Any CPU
		{971ED459-A35C-434E-91A4-742793AC46F2}.Debug|Any CPU.ActiveCfg = Debug|x64
		{971ED459-A35C-434E-91A4-742793AC46F2}.Debug|Any CPU.Build.0 = Debug|x64
		{971ED459-A35C-434E-91A4-742793AC46F2}.Debug|Any CPU.Deploy.0 = Debug|x64
		{971ED459-A35C-434E-91A4-742793AC46F2}.Debug|ARM.ActiveCfg = Debug|ARM
		{971ED459-A35C-434E-91A4-742793AC46F2}.Debug|ARM.Build.0 = Debug|ARM
		{971ED459-A35C-434E-91A4-742793AC46F2}.Debug|ARM.Deploy.0 = Debug|ARM
		{971ED459-A35C-434E-91A4-742793AC46F2}.Debug|ARM64.ActiveCfg = Debug|ARM64
		{971ED459-A35C-434E-91A4-742793AC46F2}.Debug|ARM64.Build.0 = Debug|ARM64
		{971ED459-A35C-434E-91A4-742793AC46F2}.Debug|ARM64.Deploy.0 = Debug|ARM64
		{971ED459-A35C-434E-91A4-742793AC46F2}.Debug|x64.ActiveCfg = Debug|x64
		{971ED459-A35C-434E-91A4-742793AC46F2}.Debug|x64.Build.0 = Debug|x64
		{971ED459-A35C-434E-91A4-742793AC46F2}.Debug|x64.Deploy.0 = Debug|x64
		{971ED459-A35C-434E-91A4-742793AC46F2}.Debug|x86.ActiveCfg = Debug|x86
		{971ED459-A35C-434E-91A4-742793AC46F2}.Debug|x86.Build.0 = Debug|x86
		{971ED459-A35C-434E-91A4-742793AC46F2}.Debug|x86.Deploy.0 = Debug|x86
		{971ED459-A35C-434E-91A4-742793AC46F2}.Release|Any CPU.ActiveCfg = Release|x64
		{971ED459-A35C-434E-91A4-742793AC46F2}.Release|Any CPU.Build.0 = Release|x64
		{971ED459-A35C-434E-91A4-742793AC46F2}.Release|Any CPU.Deploy.0 = Release|x64
		{971ED459-A35C-434E-91A4-742793AC46F2}.Release|ARM.ActiveCfg = Release|ARM
		{971ED459-A35C-434E-91A4-742793AC46F2}.Release|ARM.Build.0 = Release|ARM
		{971ED459-A35C-434E-91A4-742793AC46F2}.Release|ARM.Deploy.0 = Release|ARM
		{971ED459-A35C-434E-91A4-742793AC46F2}.Release|ARM64.ActiveCfg = Release|ARM64
		{971ED459-A35C-434E-91A4-742793AC46F2}.Release|ARM64.Build.0 = Release|ARM64
		{971ED459-A35C-434E-91A4-742793AC46F2}.Release|ARM64.Deploy.0 = Release|ARM64
		{971ED459-A35C-434E-91A4-742793AC46F2}.Release|x64.ActiveCfg = Release|x64
		{971ED459-A35C-434E-91A4-742793AC46F2}.Release|x64.Build.0 = Release|x64
		{971ED459-A35C-434E-91A4-742793AC46F2}.Release|x64.Deploy.0 = Release|x64
		{971ED459-A35C-434E-91A4-742793AC46F2}.Release|x86.ActiveCfg = Release|x86
		{971ED459-A35C-434E-91A4-742793AC46F2}.Release|x86.Build.0 = Release|x86
		{971ED459-A35C-434E-91A4-742793AC46F2}.Release|x86.Deploy.0 = Release|x86
		{A90EE5A2-B158-45CF-B7A1-88AE9E75CB6B}.Debug|Any CPU.ActiveCfg = Debug|Any CPU
		{A90EE5A2-B158-45CF-B7A1-88AE9E75CB6B}.Debug|Any CPU.Build.0 = Debug|Any CPU
		{A90EE5A2-B158-45CF-B7A1-88AE9E75CB6B}.Debug|ARM.ActiveCfg = Debug|Any CPU
		{A90EE5A2-B158-45CF-B7A1-88AE9E75CB6B}.Debug|ARM.Build.0 = Debug|Any CPU
		{A90EE5A2-B158-45CF-B7A1-88AE9E75CB6B}.Debug|ARM64.ActiveCfg = Debug|Any CPU
		{A90EE5A2-B158-45CF-B7A1-88AE9E75CB6B}.Debug|ARM64.Build.0 = Debug|Any CPU
		{A90EE5A2-B158-45CF-B7A1-88AE9E75CB6B}.Debug|x64.ActiveCfg = Debug|Any CPU
		{A90EE5A2-B158-45CF-B7A1-88AE9E75CB6B}.Debug|x64.Build.0 = Debug|Any CPU
		{A90EE5A2-B158-45CF-B7A1-88AE9E75CB6B}.Debug|x86.ActiveCfg = Debug|Any CPU
		{A90EE5A2-B158-45CF-B7A1-88AE9E75CB6B}.Debug|x86.Build.0 = Debug|Any CPU
		{A90EE5A2-B158-45CF-B7A1-88AE9E75CB6B}.Release|Any CPU.ActiveCfg = Release|Any CPU
		{A90EE5A2-B158-45CF-B7A1-88AE9E75CB6B}.Release|Any CPU.Build.0 = Release|Any CPU
		{A90EE5A2-B158-45CF-B7A1-88AE9E75CB6B}.Release|ARM.ActiveCfg = Release|Any CPU
		{A90EE5A2-B158-45CF-B7A1-88AE9E75CB6B}.Release|ARM.Build.0 = Release|Any CPU
		{A90EE5A2-B158-45CF-B7A1-88AE9E75CB6B}.Release|ARM64.ActiveCfg = Release|Any CPU
		{A90EE5A2-B158-45CF-B7A1-88AE9E75CB6B}.Release|ARM64.Build.0 = Release|Any CPU
		{A90EE5A2-B158-45CF-B7A1-88AE9E75CB6B}.Release|x64.ActiveCfg = Release|Any CPU
		{A90EE5A2-B158-45CF-B7A1-88AE9E75CB6B}.Release|x64.Build.0 = Release|Any CPU
		{A90EE5A2-B158-45CF-B7A1-88AE9E75CB6B}.Release|x86.ActiveCfg = Release|Any CPU
		{A90EE5A2-B158-45CF-B7A1-88AE9E75CB6B}.Release|x86.Build.0 = Release|Any CPU
		{84A148DC-6149-4B08-A2C2-35073DBC26D8}.Debug|Any CPU.ActiveCfg = Debug|Any CPU
		{84A148DC-6149-4B08-A2C2-35073DBC26D8}.Debug|Any CPU.Build.0 = Debug|Any CPU
		{84A148DC-6149-4B08-A2C2-35073DBC26D8}.Debug|ARM.ActiveCfg = Debug|Any CPU
		{84A148DC-6149-4B08-A2C2-35073DBC26D8}.Debug|ARM.Build.0 = Debug|Any CPU
		{84A148DC-6149-4B08-A2C2-35073DBC26D8}.Debug|ARM64.ActiveCfg = Debug|Any CPU
		{84A148DC-6149-4B08-A2C2-35073DBC26D8}.Debug|ARM64.Build.0 = Debug|Any CPU
		{84A148DC-6149-4B08-A2C2-35073DBC26D8}.Debug|x64.ActiveCfg = Debug|Any CPU
		{84A148DC-6149-4B08-A2C2-35073DBC26D8}.Debug|x64.Build.0 = Debug|Any CPU
		{84A148DC-6149-4B08-A2C2-35073DBC26D8}.Debug|x86.ActiveCfg = Debug|Any CPU
		{84A148DC-6149-4B08-A2C2-35073DBC26D8}.Debug|x86.Build.0 = Debug|Any CPU
		{84A148DC-6149-4B08-A2C2-35073DBC26D8}.Release|Any CPU.ActiveCfg = Release|Any CPU
		{84A148DC-6149-4B08-A2C2-35073DBC26D8}.Release|Any CPU.Build.0 = Release|Any CPU
		{84A148DC-6149-4B08-A2C2-35073DBC26D8}.Release|ARM.ActiveCfg = Release|Any CPU
		{84A148DC-6149-4B08-A2C2-35073DBC26D8}.Release|ARM.Build.0 = Release|Any CPU
		{84A148DC-6149-4B08-A2C2-35073DBC26D8}.Release|ARM64.ActiveCfg = Release|Any CPU
		{84A148DC-6149-4B08-A2C2-35073DBC26D8}.Release|ARM64.Build.0 = Release|Any CPU
		{84A148DC-6149-4B08-A2C2-35073DBC26D8}.Release|x64.ActiveCfg = Release|Any CPU
		{84A148DC-6149-4B08-A2C2-35073DBC26D8}.Release|x64.Build.0 = Release|Any CPU
		{84A148DC-6149-4B08-A2C2-35073DBC26D8}.Release|x86.ActiveCfg = Release|Any CPU
		{84A148DC-6149-4B08-A2C2-35073DBC26D8}.Release|x86.Build.0 = Release|Any CPU
		{ED4649FB-F0B2-494D-A43B-5229E08B4A7B}.Debug|Any CPU.ActiveCfg = Debug|Any CPU
		{ED4649FB-F0B2-494D-A43B-5229E08B4A7B}.Debug|Any CPU.Build.0 = Debug|Any CPU
		{ED4649FB-F0B2-494D-A43B-5229E08B4A7B}.Debug|ARM.ActiveCfg = Debug|Any CPU
		{ED4649FB-F0B2-494D-A43B-5229E08B4A7B}.Debug|ARM.Build.0 = Debug|Any CPU
		{ED4649FB-F0B2-494D-A43B-5229E08B4A7B}.Debug|ARM64.ActiveCfg = Debug|Any CPU
		{ED4649FB-F0B2-494D-A43B-5229E08B4A7B}.Debug|ARM64.Build.0 = Debug|Any CPU
		{ED4649FB-F0B2-494D-A43B-5229E08B4A7B}.Debug|x64.ActiveCfg = Debug|Any CPU
		{ED4649FB-F0B2-494D-A43B-5229E08B4A7B}.Debug|x64.Build.0 = Debug|Any CPU
		{ED4649FB-F0B2-494D-A43B-5229E08B4A7B}.Debug|x86.ActiveCfg = Debug|Any CPU
		{ED4649FB-F0B2-494D-A43B-5229E08B4A7B}.Debug|x86.Build.0 = Debug|Any CPU
		{ED4649FB-F0B2-494D-A43B-5229E08B4A7B}.Release|Any CPU.ActiveCfg = Release|Any CPU
		{ED4649FB-F0B2-494D-A43B-5229E08B4A7B}.Release|Any CPU.Build.0 = Release|Any CPU
		{ED4649FB-F0B2-494D-A43B-5229E08B4A7B}.Release|ARM.ActiveCfg = Release|Any CPU
		{ED4649FB-F0B2-494D-A43B-5229E08B4A7B}.Release|ARM.Build.0 = Release|Any CPU
		{ED4649FB-F0B2-494D-A43B-5229E08B4A7B}.Release|ARM64.ActiveCfg = Release|Any CPU
		{ED4649FB-F0B2-494D-A43B-5229E08B4A7B}.Release|ARM64.Build.0 = Release|Any CPU
		{ED4649FB-F0B2-494D-A43B-5229E08B4A7B}.Release|x64.ActiveCfg = Release|Any CPU
		{ED4649FB-F0B2-494D-A43B-5229E08B4A7B}.Release|x64.Build.0 = Release|Any CPU
		{ED4649FB-F0B2-494D-A43B-5229E08B4A7B}.Release|x86.ActiveCfg = Release|Any CPU
		{ED4649FB-F0B2-494D-A43B-5229E08B4A7B}.Release|x86.Build.0 = Release|Any CPU
		{1BE688E2-7E88-4BDC-8D5C-A92C38BD5635}.Debug|Any CPU.ActiveCfg = Debug|Any CPU
		{1BE688E2-7E88-4BDC-8D5C-A92C38BD5635}.Debug|Any CPU.Build.0 = Debug|Any CPU
		{1BE688E2-7E88-4BDC-8D5C-A92C38BD5635}.Debug|ARM.ActiveCfg = Debug|Any CPU
		{1BE688E2-7E88-4BDC-8D5C-A92C38BD5635}.Debug|ARM.Build.0 = Debug|Any CPU
		{1BE688E2-7E88-4BDC-8D5C-A92C38BD5635}.Debug|ARM64.ActiveCfg = Debug|Any CPU
		{1BE688E2-7E88-4BDC-8D5C-A92C38BD5635}.Debug|ARM64.Build.0 = Debug|Any CPU
		{1BE688E2-7E88-4BDC-8D5C-A92C38BD5635}.Debug|x64.ActiveCfg = Debug|Any CPU
		{1BE688E2-7E88-4BDC-8D5C-A92C38BD5635}.Debug|x64.Build.0 = Debug|Any CPU
		{1BE688E2-7E88-4BDC-8D5C-A92C38BD5635}.Debug|x86.ActiveCfg = Debug|Any CPU
		{1BE688E2-7E88-4BDC-8D5C-A92C38BD5635}.Debug|x86.Build.0 = Debug|Any CPU
		{1BE688E2-7E88-4BDC-8D5C-A92C38BD5635}.Release|Any CPU.ActiveCfg = Release|Any CPU
		{1BE688E2-7E88-4BDC-8D5C-A92C38BD5635}.Release|Any CPU.Build.0 = Release|Any CPU
		{1BE688E2-7E88-4BDC-8D5C-A92C38BD5635}.Release|ARM.ActiveCfg = Release|Any CPU
		{1BE688E2-7E88-4BDC-8D5C-A92C38BD5635}.Release|ARM.Build.0 = Release|Any CPU
		{1BE688E2-7E88-4BDC-8D5C-A92C38BD5635}.Release|ARM64.ActiveCfg = Release|Any CPU
		{1BE688E2-7E88-4BDC-8D5C-A92C38BD5635}.Release|ARM64.Build.0 = Release|Any CPU
		{1BE688E2-7E88-4BDC-8D5C-A92C38BD5635}.Release|x64.ActiveCfg = Release|Any CPU
		{1BE688E2-7E88-4BDC-8D5C-A92C38BD5635}.Release|x64.Build.0 = Release|Any CPU
		{1BE688E2-7E88-4BDC-8D5C-A92C38BD5635}.Release|x86.ActiveCfg = Release|Any CPU
		{1BE688E2-7E88-4BDC-8D5C-A92C38BD5635}.Release|x86.Build.0 = Release|Any CPU
	EndGlobalSection
	GlobalSection(SolutionProperties) = preSolution
		HideSolutionNode = FALSE
	EndGlobalSection
	GlobalSection(NestedProjects) = preSolution
		{39FBB56E-6A9F-4A88-9BC8-2DB13DCC4D64} = {70913E07-C974-4A7A-94B2-22D62630E2D0}
		{971ED459-A35C-434E-91A4-742793AC46F2} = {70913E07-C974-4A7A-94B2-22D62630E2D0}
		{A90EE5A2-B158-45CF-B7A1-88AE9E75CB6B} = {70913E07-C974-4A7A-94B2-22D62630E2D0}
		{84A148DC-6149-4B08-A2C2-35073DBC26D8} = {70913E07-C974-4A7A-94B2-22D62630E2D0}
		{ED4649FB-F0B2-494D-A43B-5229E08B4A7B} = {70913E07-C974-4A7A-94B2-22D62630E2D0}
		{1BE688E2-7E88-4BDC-8D5C-A92C38BD5635} = {70913E07-C974-4A7A-94B2-22D62630E2D0}
	EndGlobalSection
	GlobalSection(ExtensibilityGlobals) = postSolution
		SolutionGuid = {ABB101CD-32D3-4A7B-934E-FBE3268231C1}
	EndGlobalSection
EndGlobal
